%{
  "absinthe": {:hex, :absinthe, "1.4.16", "0933e4d9f12652b12115d5709c0293a1bf78a22578032e9ad0dad4efee6b9eb1", [:mix], [{:dataloader, "~> 1.0.0", [hex: :dataloader, repo: "hexpm", optional: true]}, {:decimal, "~> 1.0", [hex: :decimal, repo: "hexpm", optional: true]}], "hexpm", "076b8bd9552f4966ba1242f412f6c439b731169a36a0ddaaffcd3893828f5bf6"},
  "absinthe_phoenix": {:hex, :absinthe_phoenix, "1.4.4", "af3b7b44483121f756ea0ec75a536b74f67cdd62ec6a34b9e58df1fb4662389e", [:mix], [{:absinthe, "~> 1.4.0", [hex: :absinthe, repo: "hexpm", optional: false]}, {:absinthe_plug, "~> 1.4.0", [hex: :absinthe_plug, repo: "hexpm", optional: false]}, {:decimal, "~> 1.0", [hex: :decimal, repo: "hexpm", optional: false]}, {:phoenix, "~> 1.4", [hex: :phoenix, repo: "hexpm", optional: false]}, {:phoenix_html, "~> 2.13", [hex: :phoenix_html, repo: "hexpm", optional: true]}, {:phoenix_pubsub, "~> 1.0", [hex: :phoenix_pubsub, repo: "hexpm", optional: false]}], "hexpm"},
  "absinthe_plug": {:hex, :absinthe_plug, "1.4.7", "939b6b9e1c7abc6b399a5b49faa690a1fbb55b195c670aa35783b14b08ccec7a", [:mix], [{:absinthe, "~> 1.4.11", [hex: :absinthe, repo: "hexpm", optional: false]}, {:plug, "~> 1.3.2 or ~> 1.4", [hex: :plug, repo: "hexpm", optional: false]}], "hexpm", "c6ecb0e56a963287ac252d0563e5b33b84b300ce8203d3d1410dddb5dc6d08e9"},
  "absinthe_relay": {:hex, :absinthe_relay, "1.4.6", "ec0e2288994b388556247cf9601245abec785cdf206d6e844f2992d29de21624", [:mix], [{:absinthe, "~> 1.4.0", [hex: :absinthe, repo: "hexpm", optional: false]}, {:ecto, "~> 2.0 or ~> 3.0", [hex: :ecto, repo: "hexpm", optional: true]}], "hexpm", "056d9955bdff73f32e93b2bb1922c51e4f416dd315a6d8c764c14bca9019d6b0"},
  "accept": {:hex, :accept, "0.3.5", "b33b127abca7cc948bbe6caa4c263369abf1347cfa9d8e699c6d214660f10cd1", [:rebar3], [], "hexpm", "11b18c220bcc2eab63b5470c038ef10eb6783bcb1fcdb11aa4137defa5ac1bb8"},
  "apq": {:hex, :apq, "1.2.0", "711347327ae3369b3f9b2b3e1917ca66a71ded6e4056b3f8c98afeb45e9851f3", [:mix], [{:absinthe_plug, "~> 1.4.6", [hex: :absinthe_plug, repo: "hexpm", optional: false]}], "hexpm", "ce05d6d083fc038dd72ad127b6d8fa1856548b1fa7a82bf1213a76666852fc2a"},
  "arc": {:hex, :arc, "0.11.0", "ac7a0cc03035317b6fef9fe94c97d7d9bd183a3e7ce1606aa0c175cfa8d1ba6d", [:mix], [{:ex_aws, "~> 2.0", [hex: :ex_aws, repo: "hexpm", optional: true]}, {:ex_aws_s3, "~> 2.0", [hex: :ex_aws_s3, repo: "hexpm", optional: true]}, {:hackney, "~> 1.0", [hex: :hackney, repo: "hexpm", optional: false]}, {:poison, "~> 2.2 or ~> 3.1", [hex: :poison, repo: "hexpm", optional: true]}, {:sweet_xml, "~> 0.6", [hex: :sweet_xml, repo: "hexpm", optional: true]}], "hexpm", "e91a8bd676fca716f6e46275ae81fb96c0bbc7a9d5b96cac511ae190588eddd0"},
  "arc_ecto": {:hex, :arc_ecto, "0.11.2", "bd9b0c78ec7e09749c47e7e57a52076b5e0c3b9fd19be55f043b3445690ad95b", [:mix], [{:arc, "~> 0.11.0", [hex: :arc, repo: "hexpm", optional: false]}, {:ecto, ">= 2.1.0", [hex: :ecto, repo: "hexpm", optional: false]}], "hexpm", "58b40610d9f85665e0454f20fbfc3a071aabb77526191d089c4ef542d8eda6ae"},
  "arc_gcs": {:hex, :arc_gcs, "0.1.2", "376ff7718455f6cf256e9c365e7301421b5b02c9cc65aef87ffc2fd42823d1f7", [:mix], [{:arc, "~> 0.8", [hex: :arc, repo: "hexpm", optional: false]}, {:goth, "~> 1.0", [hex: :goth, repo: "hexpm", optional: false]}, {:sweet_xml, "~> 0.6", [hex: :sweet_xml, repo: "hexpm", optional: false]}], "hexpm", "9bf991a06e1ed4aefe338fce02cb31fc34db3cc6886bce05ad8104fe1b7e0413"},
  "argon2_elixir": {:hex, :argon2_elixir, "2.0.5", "0073a87d755c7e63fc4f9d08b1d1646585b93f144cecde126e15061b24240b20", [:make, :mix], [{:comeonin, "~> 5.1", [hex: :comeonin, repo: "hexpm", optional: false]}, {:elixir_make, "~> 0.5", [hex: :elixir_make, repo: "hexpm", optional: false]}], "hexpm", "31d0dc208100fd77a2fc4aa2eb4567308791316c69dfb3d449550fbb058ecb02"},
  "artificery": {:hex, :artificery, "0.4.2", "3ded6e29e13113af52811c72f414d1e88f711410cac1b619ab3a2666bbd7efd4", [:mix], [], "hexpm", "514586f4312ef3709a3ccbd8e55f69455add235c1729656687bb781d10d0afdb"},
  "bamboo": {:hex, :bamboo, "1.4.0", "7b9201c49a843e4802061cf45692405b2c00efcf1cebf8b7b64f015ead072392", [:mix], [{:hackney, ">= 1.13.0", [hex: :hackney, repo: "hexpm", optional: false]}, {:jason, "~> 1.1.0", [hex: :jason, repo: "hexpm", optional: true]}, {:plug, "~> 1.0", [hex: :plug, repo: "hexpm", optional: false]}], "hexpm", "b9cad03bf38c7f37b6308876039355665b6ce09fefb46dc529cef4def912cffa"},
  "base64url": {:hex, :base64url, "0.0.1", "36a90125f5948e3afd7be97662a1504b934dd5dac78451ca6e9abf85a10286be", [:rebar], [], "hexpm", "fab09b20e3f5db886725544cbcf875b8e73ec93363954eb8a1a9ed834aa8c1f9"},
  "basic_auth": {:hex, :basic_auth, "2.2.4", "d8c748237870dd1df3bc5c0f1ab4f1fad6270c75472d7e62b19302ec59e92a79", [:mix], [{:plug, "~> 0.14 or ~> 1.0", [hex: :plug, repo: "hexpm", optional: false]}], "hexpm", "a595b5f2a07e94cbde7be3dfeba24573e18655c88e74c8eb118364f856642e62"},
  "botanist": {:git, "https://github.com/michaeljguarino/botanist.git", "10244d96a88c3a5aa4f77f343bbb59643c623986", [branch: "ecto3"]},
  "bourne": {:hex, :bourne, "1.1.0", "60a8bb3d5ad533a3a18257de9304e70e6bb2f4d7f354a529ef3f47c327c2dd97", [:mix], [{:ecto, "~> 2.1", [hex: :ecto, repo: "hexpm", optional: false]}], "hexpm", "81a389611ad067dc305d5ba4674280ea2b99ef012bca5e7de48357545edc05bc"},
  "castore": {:hex, :castore, "0.1.4", "e7fd082c0e755716826a20b95c479f5dd42f536f9d12b8da8f47c92f1d4aed58", [:mix], [], "hexpm", "7fe7a9308ac5810083770843b74c3b5b1003cc0626610dc1d859da101c9647c6"},
  "certifi": {:hex, :certifi, "2.5.1", "867ce347f7c7d78563450a18a6a28a8090331e77fa02380b4a21962a65d36ee5", [:rebar3], [{:parse_trans, "~>3.3", [hex: :parse_trans, repo: "hexpm", optional: false]}], "hexpm", "805abd97539caf89ec6d4732c91e62ba9da0cda51ac462380bbd28ee697a8c42"},
  "combine": {:hex, :combine, "0.10.0", "eff8224eeb56498a2af13011d142c5e7997a80c8f5b97c499f84c841032e429f", [:mix], [], "hexpm", "1b1dbc1790073076580d0d1d64e42eae2366583e7aecd455d1215b0d16f2451b"},
  "comeonin": {:hex, :comeonin, "5.1.2", "fbbbbbfcf0f0e9900c0336d16c8d462edf838ba1759577e29cc5fbd7c28a4540", [:mix], [], "hexpm", "579a509274ae870badfe863ea7fc9975e1a406dca5c84c91133a299ade92f005"},
  "connection": {:hex, :connection, "1.0.4", "a1cae72211f0eef17705aaededacac3eb30e6625b04a6117c1b2db6ace7d5976", [:mix], [], "hexpm", "4a0850c9be22a43af9920a71ab17c051f5f7d45c209e40269a1938832510e4d9"},
  "cors_plug": {:hex, :cors_plug, "2.0.0", "238ddb479f92b38f6dc1ae44b8d81f0387f9519101a6da442d543ab70ee0e482", [:mix], [{:plug, "~> 1.3 or ~> 1.4 or ~> 1.5", [hex: :plug, repo: "hexpm", optional: false]}], "hexpm", "118162367ef41448c9742ced8c8bc33ae2857d958d6b997e1db26402dd8c6f37"},
  "cowboy": {:hex, :cowboy, "2.6.3", "99aa50e94e685557cad82e704457336a453d4abcb77839ad22dbe71f311fcc06", [:rebar3], [{:cowlib, "~> 2.7.3", [hex: :cowlib, repo: "hexpm", optional: false]}, {:ranch, "~> 1.7.1", [hex: :ranch, repo: "hexpm", optional: false]}], "hexpm", "e5580029080f3f1ad17436fb97b0d5ed2ed4e4815a96bac36b5a992e20f58db6"},
  "cowlib": {:hex, :cowlib, "2.7.3", "a7ffcd0917e6d50b4d5fb28e9e2085a0ceb3c97dea310505f7460ff5ed764ce9", [:rebar3], [], "hexpm", "1e1a3d176d52daebbecbbcdfd27c27726076567905c2a9d7398c54da9d225761"},
  "crontab": {:hex, :crontab, "1.1.9", "0cf8053611830bc5a7510ace6e846325b459d94f5325234435a4af7c654502bc", [:mix], [{:ecto, "~> 1.0 or ~> 2.0 or ~> 3.0", [hex: :ecto, repo: "hexpm", optional: true]}], "hexpm"},
  "cutkey": {:git, "https://github.com/potatosalad/cutkey.git", "47640d04fb4db4a0b79168d7fca0df87aaa42751", []},
  "dataloader": {:hex, :dataloader, "1.0.6", "fb724d6d3fb6acb87d27e3b32dea3a307936ad2d245faf9cf5221d1323d6a4ba", [:mix], [{:ecto, ">= 0.0.0", [hex: :ecto, repo: "hexpm", optional: true]}], "hexpm", "d16b82bc004038243236c73b76bef39be634828a4f4f4f9d637fb498ff886a10"},
  "db_connection": {:hex, :db_connection, "2.2.1", "caee17725495f5129cb7faebde001dc4406796f12a62b8949f4ac69315080566", [:mix], [{:connection, "~> 1.0.2", [hex: :connection, repo: "hexpm", optional: false]}], "hexpm", "2b02ece62d9f983fcd40954e443b7d9e6589664380e5546b2b9b523cd0fb59e1"},
  "decimal": {:hex, :decimal, "1.8.1", "a4ef3f5f3428bdbc0d35374029ffcf4ede8533536fa79896dd450168d9acdf3c", [:mix], [], "hexpm", "3cb154b00225ac687f6cbd4acc4b7960027c757a5152b369923ead9ddbca7aec"},
  "decorator": {:hex, :decorator, "1.3.2", "63b8ac9e23b28053390abdda33bb9e1f3dd9e8f9a981f47a06fc2f2fe2e2f772", [:mix], [], "hexpm", "b80bd089e3c8579e6d9ea84eed307b1597a0d94af25331e424a209477ad1a7fc"},
  "distillery": {:hex, :distillery, "2.1.1", "f9332afc2eec8a1a2b86f22429e068ef35f84a93ea1718265e740d90dd367814", [:mix], [{:artificery, "~> 0.2", [hex: :artificery, repo: "hexpm", optional: false]}], "hexpm", "bbc7008b0161a6f130d8d903b5b3232351fccc9c31a991f8fcbf2a12ace22995"},
  "earmark": {:hex, :earmark, "1.4.2", "3aa0bd23bc4c61cf2f1e5d752d1bb470560a6f8539974f767a38923bb20e1d7f", [:mix], [], "hexpm", "5e8806285d8a3a8999bd38e4a73c58d28534c856bc38c44818e5ba85bbda16fb"},
  "ecto": {:hex, :ecto, "3.3.4", "95b05c82ae91361475e5491c9f3ac47632f940b3f92ae3988ac1aad04989c5bb", [:mix], [{:decimal, "~> 1.6 or ~> 2.0", [hex: :decimal, repo: "hexpm", optional: false]}, {:jason, "~> 1.0", [hex: :jason, repo: "hexpm", optional: true]}], "hexpm", "9b96cbb83a94713731461ea48521b178b0e3863d310a39a3948c807266eebd69"},
  "ecto_enum": {:hex, :ecto_enum, "1.4.0", "d14b00e04b974afc69c251632d1e49594d899067ee2b376277efd8233027aec8", [:mix], [{:ecto, ">= 3.0.0", [hex: :ecto, repo: "hexpm", optional: false]}, {:ecto_sql, "> 3.0.0", [hex: :ecto_sql, repo: "hexpm", optional: false]}, {:mariaex, ">= 0.0.0", [hex: :mariaex, repo: "hexpm", optional: true]}, {:postgrex, ">= 0.0.0", [hex: :postgrex, repo: "hexpm", optional: true]}], "hexpm", "8fb55c087181c2b15eee406519dc22578fa60dd82c088be376d0010172764ee4"},
  "ecto_sql": {:hex, :ecto_sql, "3.3.4", "aa18af12eb875fbcda2f75e608b3bd534ebf020fc4f6448e4672fcdcbb081244", [:mix], [{:db_connection, "~> 2.2", [hex: :db_connection, repo: "hexpm", optional: false]}, {:ecto, "~> 3.4 or ~> 3.3.3", [hex: :ecto, repo: "hexpm", optional: false]}, {:myxql, "~> 0.3.0", [hex: :myxql, repo: "hexpm", optional: true]}, {:postgrex, "~> 0.15.0", [hex: :postgrex, repo: "hexpm", optional: true]}, {:telemetry, "~> 0.4.0", [hex: :telemetry, repo: "hexpm", optional: false]}], "hexpm", "5eccbdbf92e3c6f213007a82d5dbba4cd9bb659d1a21331f89f408e4c0efd7a8"},
  "elixir_make": {:hex, :elixir_make, "0.6.0", "38349f3e29aff4864352084fc736fa7fa0f2995a819a737554f7ebd28b85aaab", [:mix], [], "hexpm", "d522695b93b7f0b4c0fcb2dfe73a6b905b1c301226a5a55cb42e5b14d509e050"},
  "ex_crypto": {:hex, :ex_crypto, "0.10.0", "af600a89b784b36613a989da6e998c1b200ff1214c3cfbaf8deca4aa2f0a1739", [:mix], [{:poison, ">= 2.0.0", [hex: :poison, repo: "hexpm", optional: false]}], "hexpm", "ccc7472cfe8a0f4565f97dce7e9280119bf15a5ea51c6535e5b65f00660cde1c"},
  "ex_doc": {:hex, :ex_doc, "0.18.4", "4406b8891cecf1352f49975c6d554e62e4341ceb41b9338949077b0d4a97b949", [:mix], [{:earmark, "~> 1.1", [hex: :earmark, repo: "hexpm", optional: false]}], "hexpm", "9dbe1ce1d711dc5362e3b3280e92989ad61413ce423bc4e9f76d5fcc51ab8d6b"},
  "ex_machina": {:hex, :ex_machina, "2.3.0", "92a5ad0a8b10ea6314b876a99c8c9e3f25f4dde71a2a835845b136b9adaf199a", [:mix], [{:ecto, "~> 2.2 or ~> 3.0", [hex: :ecto, repo: "hexpm", optional: true]}, {:ecto_sql, "~> 3.0", [hex: :ecto_sql, repo: "hexpm", optional: true]}], "hexpm", "b84f6af156264530b312a8ab98ac6088f6b77ae5fe2058305c81434aa01fbaf9"},
  "file_system": {:hex, :file_system, "0.2.7", "e6f7f155970975789f26e77b8b8d8ab084c59844d8ecfaf58cbda31c494d14aa", [:mix], [], "hexpm", "b4cfa2d69c7f0b18fd06db222b2398abeef743a72504e6bd7df9c52f171b047f"},
  "flow": {:hex, :flow, "0.15.0", "503717c0e367b5713336181d5305106840f64abbad32c75d7af5ef1bb0908e38", [:mix], [{:gen_stage, "~> 0.14.0", [hex: :gen_stage, repo: "hexpm", optional: false]}], "hexpm", "d7ecbd4dd38a188494bc996d5014ef8335f436a0b262140a1f6441ae94714581"},
  "gen_stage": {:hex, :gen_stage, "0.14.3", "d0c66f1c87faa301c1a85a809a3ee9097a4264b2edf7644bf5c123237ef732bf", [:mix], [], "hexpm", "8453e2289d94c3199396eb517d65d6715ef26bcae0ee83eb5ff7a84445458d76"},
  "gen_state_machine": {:hex, :gen_state_machine, "2.1.0", "a38b0e53fad812d29ec149f0d354da5d1bc0d7222c3711f3a0bd5aa608b42992", [:mix], [], "hexpm"},
  "gettext": {:hex, :gettext, "0.17.0", "abe21542c831887a2b16f4c94556db9c421ab301aee417b7c4fbde7fbdbe01ec", [:mix], [], "hexpm", "e0b8598e802676c81e66b061a2148c37c03886b24a3ca86a1f98ed40693b94b3"},
  "goth": {:hex, :goth, "1.1.0", "85977656822e54217bc0472666f1ce15dc3921495ef5f4f0774ef15503bae207", [:mix], [{:httpoison, "~> 0.11 or ~> 1.0", [hex: :httpoison, repo: "hexpm", optional: false]}, {:jason, "~> 1.1", [hex: :jason, repo: "hexpm", optional: false]}, {:joken, "~> 2.0", [hex: :joken, repo: "hexpm", optional: false]}], "hexpm", "d8d9e12fe744b5c91b6369a9b8f1da6682e80c95d204df35b376dac8a7211f2d"},
  "guardian": {:hex, :guardian, "1.2.1", "bdc8dd3dbf0fb7216cb6f91c11831faa1a64d39cdaed9a611e37f2413e584983", [:mix], [{:jose, "~> 1.8", [hex: :jose, repo: "hexpm", optional: false]}, {:phoenix, "~> 1.3", [hex: :phoenix, repo: "hexpm", optional: true]}, {:plug, "~> 1.3.3 or ~> 1.4", [hex: :plug, repo: "hexpm", optional: true]}], "hexpm", "723fc404edfb7bd5cba4cd83329b352037f102aa97468f44e58ac7f47c136a98"},
  "hackney": {:hex, :hackney, "1.15.2", "07e33c794f8f8964ee86cebec1a8ed88db5070e52e904b8f12209773c1036085", [:rebar3], [{:certifi, "2.5.1", [hex: :certifi, repo: "hexpm", optional: false]}, {:idna, "6.0.0", [hex: :idna, repo: "hexpm", optional: false]}, {:metrics, "1.0.1", [hex: :metrics, repo: "hexpm", optional: false]}, {:mimerl, "~>1.1", [hex: :mimerl, repo: "hexpm", optional: false]}, {:ssl_verify_fun, "1.1.5", [hex: :ssl_verify_fun, repo: "hexpm", optional: false]}], "hexpm", "e0100f8ef7d1124222c11ad362c857d3df7cb5f4204054f9f0f4a728666591fc"},
  "httpoison": {:hex, :httpoison, "1.6.1", "2ce5bf6e535cd0ab02e905ba8c276580bab80052c5c549f53ddea52d72e81f33", [:mix], [{:hackney, "~> 1.15 and >= 1.15.2", [hex: :hackney, repo: "hexpm", optional: false]}], "hexpm", "89149056039084024a284cd703b2d1900d584958dba432132cb21ef35aed7487"},
  "idna": {:hex, :idna, "6.0.0", "689c46cbcdf3524c44d5f3dde8001f364cd7608a99556d8fbd8239a5798d4c10", [:rebar3], [{:unicode_util_compat, "0.4.1", [hex: :unicode_util_compat, repo: "hexpm", optional: false]}], "hexpm", "4bdd305eb64e18b0273864920695cb18d7a2021f31a11b9c5fbcd9a253f936e2"},
  "jason": {:hex, :jason, "1.1.2", "b03dedea67a99223a2eaf9f1264ce37154564de899fd3d8b9a21b1a6fd64afe7", [:mix], [{:decimal, "~> 1.0", [hex: :decimal, repo: "hexpm", optional: true]}], "hexpm", "fdf843bca858203ae1de16da2ee206f53416bbda5dc8c9e78f43243de4bc3afe"},
  "joken": {:hex, :joken, "2.1.0", "bf21a73105d82649f617c5e59a7f8919aa47013d2519ebcc39d998d8d12adda9", [:mix], [{:jose, "~> 1.9", [hex: :jose, repo: "hexpm", optional: false]}], "hexpm", "eb02df7d5526df13063397e051b926b7006d5986d66f399eefc474f560cdad6a"},
  "jose": {:hex, :jose, "1.9.0", "4167c5f6d06ffaebffd15cdb8da61a108445ef5e85ab8f5a7ad926fdf3ada154", [:mix, :rebar3], [{:base64url, "~> 0.0.1", [hex: :base64url, repo: "hexpm", optional: false]}], "hexpm", "6429c4fee52b2dda7861ee19a4f09c8c1ffa213bee3a1ec187828fde95d447ed"},
  "libcluster": {:hex, :libcluster, "3.1.1", "cbab97b96141f47f2fe5563183c444bbce9282b3991ef054d69b8805546f0122", [:mix], [{:jason, "~> 1.1.2", [hex: :jason, repo: "hexpm", optional: false]}], "hexpm", "8eaf6b0ca713f70ff588596743becba3e0ddda9ec14873adf7634ea705afc6f3"},
  "libring": {:hex, :libring, "1.4.0", "41246ba2f3fbc76b3971f6bce83119dfec1eee17e977a48d8a9cfaaf58c2a8d6", [:mix], [], "hexpm"},
  "meck": {:hex, :meck, "0.8.13", "ffedb39f99b0b99703b8601c6f17c7f76313ee12de6b646e671e3188401f7866", [:rebar3], [], "hexpm"},
  "metrics": {:hex, :metrics, "1.0.1", "25f094dea2cda98213cecc3aeff09e940299d950904393b2a29d191c346a8486", [:rebar3], [], "hexpm", "69b09adddc4f74a40716ae54d140f93beb0fb8978d8636eaded0c31b6f099f16"},
  "mime": {:hex, :mime, "1.3.1", "30ce04ab3175b6ad0bdce0035cba77bba68b813d523d1aac73d9781b4d193cf8", [:mix], [], "hexpm", "6cbe761d6a0ca5a31a0931bf4c63204bceb64538e664a8ecf784a9a6f3b875f1"},
  "mimerl": {:hex, :mimerl, "1.2.0", "67e2d3f571088d5cfd3e550c383094b47159f3eee8ffa08e64106cdf5e981be3", [:rebar3], [], "hexpm", "f278585650aa581986264638ebf698f8bb19df297f66ad91b18910dfc6e19323"},
  "mimic": {:hex, :mimic, "1.1.3", "3bad83d5271b4faa7bbfef587417a6605cbbc802a353395d446a1e5f46fe7115", [:mix], [], "hexpm", "0d93cb8fcd00a1013bae56050755879050bb9b8ef0c3d51b6fec5a2f1fc33d66"},
  "mint": {:hex, :mint, "0.2.1", "a2ec8729fcad5c8b6460e07dfa64b008b3d9697a9f4604cd5684a87b44677c99", [:mix], [{:castore, "~> 0.1.0", [hex: :castore, repo: "hexpm", optional: true]}], "hexpm", "ba7e7e4e112bd40542bef94ab3ec2f270deb260d670859b66e2fc2f2f99a0664"},
  "mock": {:hex, :mock, "0.3.3", "42a433794b1291a9cf1525c6d26b38e039e0d3a360732b5e467bfc77ef26c914", [:mix], [{:meck, "~> 0.8.13", [hex: :meck, repo: "hexpm", optional: false]}], "hexpm"},
  "mojito": {:hex, :mojito, "0.3.0", "806cd3c1832333a9ee784e7ea2799863fbe4de55ecb4623a8f4ef870c2844cc6", [:mix], [{:castore, "~> 0.1", [hex: :castore, repo: "hexpm", optional: false]}, {:mint, "~> 0.2.1", [hex: :mint, repo: "hexpm", optional: false]}, {:poolboy, "~> 1.5", [hex: :poolboy, repo: "hexpm", optional: false]}], "hexpm", "bf40fa4e7d6072f8ca93d55e0a0948aef6fa887376dcde4cb3857f98e68d1e87"},
  "nebulex": {:hex, :nebulex, "2.0.0-rc.1", "ad9fdc3b2b91b7de9d55dabfaac2994b91be29602b2715daf530bdd54509b4db", [:mix], [{:decorator, "~> 1.3", [hex: :decorator, repo: "hexpm", optional: true]}, {:shards, "~> 1.0", [hex: :shards, repo: "hexpm", optional: true]}, {:telemetry, "~> 0.4", [hex: :telemetry, repo: "hexpm", optional: true]}], "hexpm", "1d78bd1f9e648e5600cb2a349114957296f824641b57e72545ace6cb6cc22110"},
  "parallax": {:hex, :parallax, "1.0.0", "decfed51b2d41c88ea4398d3bd8fadd2ceb1f913cf0f44ef2cb41e732ace31f5", [:mix], [], "hexpm", "8a8b91685bfacb483ff9370b98844ee01107544a11ee49b5f1d98df0eff2b1e4"},
  "parse_trans": {:hex, :parse_trans, "3.3.0", "09765507a3c7590a784615cfd421d101aec25098d50b89d7aa1d66646bc571c1", [:rebar3], [], "hexpm", "17ef63abde837ad30680ea7f857dd9e7ced9476cdd7b0394432af4bfc241b960"},
  "phoenix": {:hex, :phoenix, "1.4.9", "746d098e10741c334d88143d3c94cab1756435f94387a63441792e66ec0ee974", [:mix], [{:jason, "~> 1.0", [hex: :jason, repo: "hexpm", optional: true]}, {:phoenix_pubsub, "~> 1.1", [hex: :phoenix_pubsub, repo: "hexpm", optional: false]}, {:plug, "~> 1.8.1 or ~> 1.9", [hex: :plug, repo: "hexpm", optional: false]}, {:plug_cowboy, "~> 1.0 or ~> 2.0", [hex: :plug_cowboy, repo: "hexpm", optional: true]}, {:telemetry, "~> 0.4", [hex: :telemetry, repo: "hexpm", optional: false]}], "hexpm", "a40833266f1f55750d784fb780d8d5945f9f048be4d474b5b6197aec9db0a22e"},
  "phoenix_ecto": {:hex, :phoenix_ecto, "4.0.0", "c43117a136e7399ea04ecaac73f8f23ee0ffe3e07acfcb8062fe5f4c9f0f6531", [:mix], [{:ecto, "~> 3.0", [hex: :ecto, repo: "hexpm", optional: false]}, {:phoenix_html, "~> 2.9", [hex: :phoenix_html, repo: "hexpm", optional: true]}, {:plug, "~> 1.0", [hex: :plug, repo: "hexpm", optional: false]}], "hexpm", "fe15d9fee5b82f5e64800502011ffe530650d42e1710ae9b14bc4c9be38bf303"},
  "phoenix_html": {:hex, :phoenix_html, "2.13.3", "850e292ff6e204257f5f9c4c54a8cb1f6fbc16ed53d360c2b780a3d0ba333867", [:mix], [{:plug, "~> 1.5", [hex: :plug, repo: "hexpm", optional: false]}], "hexpm", "8b01b3d6d39731ab18aa548d928b5796166d2500755f553725cfe967bafba7d9"},
  "phoenix_live_reload": {:hex, :phoenix_live_reload, "1.2.1", "274a4b07c4adbdd7785d45a8b0bb57634d0b4f45b18d2c508b26c0344bd59b8f", [:mix], [{:file_system, "~> 0.2.1 or ~> 0.3", [hex: :file_system, repo: "hexpm", optional: false]}, {:phoenix, "~> 1.4", [hex: :phoenix, repo: "hexpm", optional: false]}], "hexpm", "41b4103a2fa282cfd747d377233baf213c648fdcc7928f432937676532490eee"},
  "phoenix_pubsub": {:hex, :phoenix_pubsub, "1.1.2", "496c303bdf1b2e98a9d26e89af5bba3ab487ba3a3735f74bf1f4064d2a845a3e", [:mix], [], "hexpm", "1f13f9f0f3e769a667a6b6828d29dec37497a082d195cc52dbef401a9b69bf38"},
  "piazza_core": {:hex, :piazza_core, "0.3.0", "b1477da6b8af0adfadc5d5e06a3ad8ef7c5b50f665e77877d3391e12f32c811e", [:mix], [{:ecto_enum, "~> 1.3", [hex: :ecto_enum, repo: "hexpm", optional: false]}, {:ecto_sql, "~> 3.1", [hex: :ecto_sql, repo: "hexpm", optional: false]}, {:ex_crypto, "~> 0.10", [hex: :ex_crypto, repo: "hexpm", optional: false]}, {:gen_stage, "~> 0.14.2", [hex: :gen_stage, repo: "hexpm", optional: false]}, {:protobuf, "~> 0.5.3", [hex: :protobuf, repo: "hexpm", optional: false]}], "hexpm", "9768e3bb22334293cafce431f576f5c4cd7aead8480412ca2695fc53ed020f25"},
  "plug": {:hex, :plug, "1.8.3", "12d5f9796dc72e8ac9614e94bda5e51c4c028d0d428e9297650d09e15a684478", [:mix], [{:mime, "~> 1.0", [hex: :mime, repo: "hexpm", optional: false]}, {:plug_crypto, "~> 1.0", [hex: :plug_crypto, repo: "hexpm", optional: false]}, {:telemetry, "~> 0.4", [hex: :telemetry, repo: "hexpm", optional: true]}], "hexpm", "164baaeb382d19beee0ec484492aa82a9c8685770aee33b24ec727a0971b34d0"},
  "plug_cowboy": {:hex, :plug_cowboy, "2.1.0", "b75768153c3a8a9e8039d4b25bb9b14efbc58e9c4a6e6a270abff1cd30cbe320", [:mix], [{:cowboy, "~> 2.5", [hex: :cowboy, repo: "hexpm", optional: false]}, {:plug, "~> 1.7", [hex: :plug, repo: "hexpm", optional: false]}], "hexpm", "6cd8ddd1bd1fbfa54d3fc61d4719c2057dae67615395d58d40437a919a46f132"},
  "plug_crypto": {:hex, :plug_crypto, "1.0.0", "18e49317d3fa343f24620ed22795ec29d4a5e602d52d1513ccea0b07d8ea7d4d", [:mix], [], "hexpm", "73c1682f0e414cfb5d9b95c8e8cd6ffcfdae699e3b05e1db744e58b7be857759"},
  "poison": {:hex, :poison, "3.1.0", "d9eb636610e096f86f25d9a46f35a9facac35609a7591b3be3326e99a0484665", [:mix], [], "hexpm", "fec8660eb7733ee4117b85f55799fd3833eb769a6df71ccf8903e8dc5447cfce"},
  "poolboy": {:hex, :poolboy, "1.5.2", "392b007a1693a64540cead79830443abf5762f5d30cf50bc95cb2c1aaafa006b", [:rebar3], [], "hexpm", "dad79704ce5440f3d5a3681c8590b9dc25d1a561e8f5a9c995281012860901e3"},
  "porcelain": {:hex, :porcelain, "2.0.3", "2d77b17d1f21fed875b8c5ecba72a01533db2013bd2e5e62c6d286c029150fdc", [:mix], [], "hexpm"},
  "postgrex": {:hex, :postgrex, "0.15.3", "5806baa8a19a68c4d07c7a624ccdb9b57e89cbc573f1b98099e3741214746ae4", [:mix], [{:connection, "~> 1.0", [hex: :connection, repo: "hexpm", optional: false]}, {:db_connection, "~> 2.1", [hex: :db_connection, repo: "hexpm", optional: false]}, {:decimal, "~> 1.5", [hex: :decimal, repo: "hexpm", optional: false]}, {:jason, "~> 1.0", [hex: :jason, repo: "hexpm", optional: true]}], "hexpm", "4737ce62a31747b4c63c12b20c62307e51bb4fcd730ca0c32c280991e0606c90"},
  "prometheus": {:hex, :prometheus, "4.6.0", "20510f381db1ccab818b4cf2fac5fa6ab5cc91bc364a154399901c001465f46f", [:mix, :rebar3], [], "hexpm", "4905fd2992f8038eccd7aa0cd22f40637ed618c0bed1f75c05aacec15b7545de"},
  "prometheus_ex": {:hex, :prometheus_ex, "3.0.5", "fa58cfd983487fc5ead331e9a3e0aa622c67232b3ec71710ced122c4c453a02f", [:mix], [{:prometheus, "~> 4.0", [hex: :prometheus, repo: "hexpm", optional: false]}], "hexpm", "9fd13404a48437e044b288b41f76e64acd9735fb8b0e3809f494811dfa66d0fb"},
  "prometheus_plugs": {:hex, :prometheus_plugs, "1.1.5", "25933d48f8af3a5941dd7b621c889749894d8a1082a6ff7c67cc99dec26377c5", [:mix], [{:accept, "~> 0.1", [hex: :accept, repo: "hexpm", optional: false]}, {:plug, "~> 1.0", [hex: :plug, repo: "hexpm", optional: false]}, {:prometheus_ex, "~> 1.1 or ~> 2.0 or ~> 3.0", [hex: :prometheus_ex, repo: "hexpm", optional: false]}, {:prometheus_process_collector, "~> 1.1", [hex: :prometheus_process_collector, repo: "hexpm", optional: true]}], "hexpm", "0273a6483ccb936d79ca19b0ab629aef0dba958697c94782bb728b920dfc6a79"},
  "protobuf": {:hex, :protobuf, "0.5.4", "2e1b8eec211aff034ad8a14e3674220b0158bfb9a3c7128ac9d2a1ed1b3724d3", [:mix], [], "hexpm", "994348a4592408bc99c132603b0fdb686a2b5df0321a8eb1a582ec2bd3495886"},
  "quantum": {:hex, :quantum, "2.3.4", "72a0e8855e2adc101459eac8454787cb74ab4169de6ca50f670e72142d4960e9", [:mix], [{:calendar, "~> 0.17", [hex: :calendar, repo: "hexpm", optional: true]}, {:crontab, "~> 1.1", [hex: :crontab, repo: "hexpm", optional: false]}, {:gen_stage, "~> 0.12", [hex: :gen_stage, repo: "hexpm", optional: false]}, {:swarm, "~> 3.3", [hex: :swarm, repo: "hexpm", optional: false]}, {:timex, "~> 3.1", [hex: :timex, repo: "hexpm", optional: true]}], "hexpm"},
  "ranch": {:hex, :ranch, "1.7.1", "6b1fab51b49196860b733a49c07604465a47bdb78aa10c1c16a3d199f7f8c881", [:rebar3], [], "hexpm", "451d8527787df716d99dc36162fca05934915db0b6141bbdac2ea8d3c7afc7d7"},
  "reverse_proxy_plug": {:hex, :reverse_proxy_plug, "1.2.1", "f950a7ba212182b36fb44d06b8c6a347951863fd22d2201452c5233ce23701b1", [:mix], [{:cowboy, "~> 2.4", [hex: :cowboy, repo: "hexpm", optional: false]}, {:httpoison, "~> 1.2", [hex: :httpoison, repo: "hexpm", optional: false]}, {:plug, "~> 1.6", [hex: :plug, repo: "hexpm", optional: false]}], "hexpm", "74d76efd874cb504678f4a884e258c4ff495bd984f5444bc91d1aab6e4424ca7"},
  "shards": {:hex, :shards, "0.6.1", "fb248a6820e58548488933bc3ef889f9c4aeb23ef62a79e9332bbadcb4f62a13", [:make, :rebar3], [], "hexpm", "a8dc0e303b8eed517210d28f751c33d3e7260ff27dccbef70e7e49703acd2dee"},
  "ssl_verify_fun": {:hex, :ssl_verify_fun, "1.1.5", "6eaf7ad16cb568bb01753dbbd7a95ff8b91c7979482b95f38443fe2c8852a79b", [:make, :mix, :rebar3], [], "hexpm", "13104d7897e38ed7f044c4de953a6c28597d1c952075eb2e328bc6d6f2bfc496"},
  "stripity_stripe": {:hex, :stripity_stripe, "2.7.1", "1d6e89d1e95f933aa5f98d767623bf9f74b640f0bb566cc00700b7453229b66f", [:mix], [{:hackney, "~> 1.15", [hex: :hackney, repo: "hexpm", optional: false]}, {:jason, "~> 1.1", [hex: :jason, repo: "hexpm", optional: false]}, {:uri_query, "~> 0.1.2", [hex: :uri_query, repo: "hexpm", optional: false]}], "hexpm", "d0d1cb2dae72e0f1b5aaa710d85a7bd7931ed401abd829eb93b80afaf2534c59"},
  "swarm": {:hex, :swarm, "3.4.0", "64f8b30055d74640d2186c66354b33b999438692a91be275bb89cdc7e401f448", [:mix], [{:gen_state_machine, "~> 2.0", [hex: :gen_state_machine, repo: "hexpm", optional: false]}, {:libring, "~> 1.0", [hex: :libring, repo: "hexpm", optional: false]}], "hexpm"},
  "sweet_xml": {:hex, :sweet_xml, "0.6.6", "fc3e91ec5dd7c787b6195757fbcf0abc670cee1e4172687b45183032221b66b8", [:mix], [], "hexpm", "2e1ec458f892ffa81f9f8386e3f35a1af6db7a7a37748a64478f13163a1f3573"},
  "telemetry": {:hex, :telemetry, "0.4.2", "2808c992455e08d6177322f14d3bdb6b625fbcfd233a73505870d8738a2f4599", [:rebar3], [], "hexpm", "2d1419bd9dda6a206d7b5852179511722e2b18812310d304620c7bd92a13fcef"},
  "timex": {:hex, :timex, "3.6.1", "efdf56d0e67a6b956cc57774353b0329c8ab7726766a11547e529357ffdc1d56", [:mix], [{:combine, "~> 0.10", [hex: :combine, repo: "hexpm", optional: false]}, {:gettext, "~> 0.10", [hex: :gettext, repo: "hexpm", optional: false]}, {:tzdata, "~> 0.1.8 or ~> 0.5 or ~> 1.0.0", [hex: :tzdata, repo: "hexpm", optional: false]}], "hexpm", "f354efb2400dd7a80fd9eb6c8419068c4f632da4ac47f3d8822d6e33f08bc852"},
  "tzdata": {:hex, :tzdata, "0.1.201805", "feb76b48b1621e7f66a024798d3f293656a00296d426471939c22f4f08bc5c7d", [:mix], [], "hexpm", "0de5d69a9336152cbeb2f88c902e5109103eca672604e48290233c04e3fadeef"},
  "unicode_util_compat": {:hex, :unicode_util_compat, "0.4.1", "d869e4c68901dd9531385bb0c8c40444ebf624e60b6962d95952775cac5e90cd", [:rebar3], [], "hexpm", "1d1848c40487cdb0b30e8ed975e34e025860c02e419cb615d255849f3427439d"},
  "uri_query": {:hex, :uri_query, "0.1.2", "ae35b83b472f3568c2c159eee3f3ccf585375d8a94fb5382db1ea3589e75c3b4", [:mix], [], "hexpm", "e3bc81816c98502c36498b9b2f239b89c71ce5eadfff7ceb2d6c0a2e6ae2ea0c"},
  "x509": {:hex, :x509, "0.7.0", "001b762cd99e1a33bc876bb090bd34d9cadc66eb7df3deb76d9f4d8a37b89612", [:mix], [], "hexpm", "5ff9c79e77d64a62ccffd90aaeb23e8f5b6e47844ef7bc8fed931ecf238662e0"},
  "yamerl": {:hex, :yamerl, "0.7.0", "e51dba652dce74c20a88294130b48051ebbbb0be7d76f22de064f0f3ccf0aaf5", [:rebar3], [], "hexpm", "cb5a4481e2e2ad36db83bd9962153e1a9208e2b2484185e33fc2caac6a50b108"},
  "yaml_elixir": {:hex, :yaml_elixir, "2.4.0", "2f444abc3c994c902851fde56b6a9cb82895c291c05a0490a289035c2e62ae71", [:mix], [{:yamerl, "~> 0.7", [hex: :yamerl, repo: "hexpm", optional: false]}], "hexpm", "4e25a6d5c873e393689c6f1062c5ec90f6cd1be2527b073178ae37eae4c78bee"},
}
