%{
  "absinthe": {:hex, :absinthe, "1.7.0", "36819e7b1fd5046c9c734f27fe7e564aed3bda59f0354c37cd2df88fd32dd014", [:mix], [{:dataloader, "~> 1.0.0", [hex: :dataloader, repo: "hexpm", optional: true]}, {:decimal, "~> 1.0 or ~> 2.0", [hex: :decimal, repo: "hexpm", optional: true]}, {:nimble_parsec, "~> 0.5 or ~> 1.0", [hex: :nimble_parsec, repo: "hexpm", optional: false]}, {:telemetry, "~> 1.0 or ~> 0.4", [hex: :telemetry, repo: "hexpm", optional: false]}], "hexpm", "566a5b5519afc9b29c4d367f0c6768162de3ec03e9bf9916f9dc2bcbe7c09643"},
  "absinthe_phoenix": {:hex, :absinthe_phoenix, "2.0.2", "e607b438db900049b9b3760f8ecd0591017a46122fffed7057bf6989020992b5", [:mix], [{:absinthe, "~> 1.5", [hex: :absinthe, repo: "hexpm", optional: false]}, {:absinthe_plug, "~> 1.5", [hex: :absinthe_plug, repo: "hexpm", optional: false]}, {:decimal, "~> 1.0 or ~> 2.0", [hex: :decimal, repo: "hexpm", optional: false]}, {:phoenix, "~> 1.5", [hex: :phoenix, repo: "hexpm", optional: false]}, {:phoenix_html, "~> 2.13 or ~> 3.0", [hex: :phoenix_html, repo: "hexpm", optional: true]}, {:phoenix_pubsub, "~> 2.0", [hex: :phoenix_pubsub, repo: "hexpm", optional: false]}], "hexpm", "d36918925c380dc7d2ed7d039c9a3b4182ec36723f7417a68745ade5aab22f8d"},
  "absinthe_plug": {:hex, :absinthe_plug, "1.5.8", "38d230641ba9dca8f72f1fed2dfc8abd53b3907d1996363da32434ab6ee5d6ab", [:mix], [{:absinthe, "~> 1.5", [hex: :absinthe, repo: "hexpm", optional: false]}, {:plug, "~> 1.4", [hex: :plug, repo: "hexpm", optional: false]}], "hexpm", "bbb04176647b735828861e7b2705465e53e2cf54ccf5a73ddd1ebd855f996e5a"},
  "absinthe_relay": {:hex, :absinthe_relay, "1.5.2", "cfb8aed70f4e4c7718d3f1c212332d2ea728f17c7fc0f68f1e461f0f5f0c4b9a", [:mix], [{:absinthe, "~> 1.5.0 or ~> 1.6.0 or ~> 1.7.0", [hex: :absinthe, repo: "hexpm", optional: false]}, {:ecto, "~> 2.0 or ~> 3.0", [hex: :ecto, repo: "hexpm", optional: true]}], "hexpm", "0587ee913afa31512e1457a5064ee88427f8fe7bcfbeeecd41c71d9cff0b62b6"},
  "accept": {:hex, :accept, "0.3.5", "b33b127abca7cc948bbe6caa4c263369abf1347cfa9d8e699c6d214660f10cd1", [:rebar3], [], "hexpm", "11b18c220bcc2eab63b5470c038ef10eb6783bcb1fcdb11aa4137defa5ac1bb8"},
  "amqp": {:hex, :amqp, "3.2.0", "51e85e06e4d283d98f21dce95906e42cb181fc7ceeb967b33b3be73d6ea41aa5", [:mix], [{:amqp_client, "~> 3.9.1", [hex: :amqp_client, repo: "hexpm", optional: false]}], "hexpm", "1439570336df6e79000239938fb055a0944dc9a768b4dec0af1375404508a014"},
  "amqp_client": {:hex, :amqp_client, "3.9.25", "640cf676efa775b77ff4613f2a14b73ef68a9f2b2cfe8ba708e0599d389f2bc4", [:make, :rebar3], [{:rabbit_common, "3.9.25", [hex: :rabbit_common, repo: "hexpm", optional: false]}], "hexpm", "d76ad46ee333313fe8a6ad0939d56dfcead0c28ca1024e4410ec89393c1f3ef7"},
  "apq": {:hex, :apq, "1.2.1", "efcbcbbb32b033b490a8d64d473fa042b4644960acab19a71076d28b263b8f46", [:mix], [{:absinthe_plug, "~> 1.4", [hex: :absinthe_plug, repo: "hexpm", optional: false]}], "hexpm", "4c33ab1e0cadc486597c266fe318f637a104305a21c4d0c306ac341d8bb6de02"},
  "arc": {:hex, :arc, "0.11.0", "ac7a0cc03035317b6fef9fe94c97d7d9bd183a3e7ce1606aa0c175cfa8d1ba6d", [:mix], [{:ex_aws, "~> 2.0", [hex: :ex_aws, repo: "hexpm", optional: true]}, {:ex_aws_s3, "~> 2.0", [hex: :ex_aws_s3, repo: "hexpm", optional: true]}, {:hackney, "~> 1.0", [hex: :hackney, repo: "hexpm", optional: false]}, {:poison, "~> 2.2 or ~> 3.1", [hex: :poison, repo: "hexpm", optional: true]}, {:sweet_xml, "~> 0.6", [hex: :sweet_xml, repo: "hexpm", optional: true]}], "hexpm", "e91a8bd676fca716f6e46275ae81fb96c0bbc7a9d5b96cac511ae190588eddd0"},
  "arc_ecto": {:hex, :arc_ecto, "0.11.2", "bd9b0c78ec7e09749c47e7e57a52076b5e0c3b9fd19be55f043b3445690ad95b", [:mix], [{:arc, "~> 0.11.0", [hex: :arc, repo: "hexpm", optional: false]}, {:ecto, ">= 2.1.0", [hex: :ecto, repo: "hexpm", optional: false]}], "hexpm", "58b40610d9f85665e0454f20fbfc3a071aabb77526191d089c4ef542d8eda6ae"},
  "arc_gcs": {:hex, :arc_gcs, "0.1.2", "376ff7718455f6cf256e9c365e7301421b5b02c9cc65aef87ffc2fd42823d1f7", [:mix], [{:arc, "~> 0.8", [hex: :arc, repo: "hexpm", optional: false]}, {:goth, "~> 1.0", [hex: :goth, repo: "hexpm", optional: false]}, {:sweet_xml, "~> 0.6", [hex: :sweet_xml, repo: "hexpm", optional: false]}], "hexpm", "9bf991a06e1ed4aefe338fce02cb31fc34db3cc6886bce05ad8104fe1b7e0413"},
  "argon2_elixir": {:hex, :argon2_elixir, "2.0.5", "0073a87d755c7e63fc4f9d08b1d1646585b93f144cecde126e15061b24240b20", [:make, :mix], [{:comeonin, "~> 5.1", [hex: :comeonin, repo: "hexpm", optional: false]}, {:elixir_make, "~> 0.5", [hex: :elixir_make, repo: "hexpm", optional: false]}], "hexpm", "31d0dc208100fd77a2fc4aa2eb4567308791316c69dfb3d449550fbb058ecb02"},
  "artificery": {:hex, :artificery, "0.4.2", "3ded6e29e13113af52811c72f414d1e88f711410cac1b619ab3a2666bbd7efd4", [:mix], [], "hexpm", "514586f4312ef3709a3ccbd8e55f69455add235c1729656687bb781d10d0afdb"},
  "bamboo": {:hex, :bamboo, "2.0.2", "0e2914d2bea0de3b1743384c24ffbe20fbb58094376a49f1cf5d9ed9959abd82", [:mix], [{:hackney, ">= 1.15.2", [hex: :hackney, repo: "hexpm", optional: false]}, {:jason, "~> 1.0", [hex: :jason, repo: "hexpm", optional: true]}, {:mime, "~> 1.4", [hex: :mime, repo: "hexpm", optional: false]}, {:plug, "~> 1.0", [hex: :plug, repo: "hexpm", optional: false]}], "hexpm", "058d57cf4fcdac19413aa72732eb43c88954fb151a1cb6a382014e0cddbf6314"},
  "bamboo_phoenix": {:hex, :bamboo_phoenix, "1.0.0", "f3cc591ffb163ed0bf935d256f1f4645cd870cf436545601215745fb9cc9953f", [:mix], [{:bamboo, ">= 2.0.0", [hex: :bamboo, repo: "hexpm", optional: false]}, {:phoenix, ">= 1.3.0", [hex: :phoenix, repo: "hexpm", optional: false]}], "hexpm", "6db88fbb26019c84a47994bb2bd879c0887c29ce6c559bc6385fd54eb8b37dee"},
  "base64url": {:hex, :base64url, "0.0.1", "36a90125f5948e3afd7be97662a1504b934dd5dac78451ca6e9abf85a10286be", [:rebar], [], "hexpm", "fab09b20e3f5db886725544cbcf875b8e73ec93363954eb8a1a9ed834aa8c1f9"},
  "basic_auth": {:hex, :basic_auth, "2.2.4", "d8c748237870dd1df3bc5c0f1ab4f1fad6270c75472d7e62b19302ec59e92a79", [:mix], [{:plug, "~> 0.14 or ~> 1.0", [hex: :plug, repo: "hexpm", optional: false]}], "hexpm", "a595b5f2a07e94cbde7be3dfeba24573e18655c88e74c8eb118364f856642e62"},
  "botanist": {:git, "https://github.com/michaeljguarino/botanist.git", "10244d96a88c3a5aa4f77f343bbb59643c623986", [branch: "ecto3"]},
  "bourne": {:hex, :bourne, "1.1.0", "60a8bb3d5ad533a3a18257de9304e70e6bb2f4d7f354a529ef3f47c327c2dd97", [:mix], [{:ecto, "~> 2.1", [hex: :ecto, repo: "hexpm", optional: false]}], "hexpm", "81a389611ad067dc305d5ba4674280ea2b99ef012bca5e7de48357545edc05bc"},
  "briefly": {:git, "https://github.com/CargoSense/briefly", "b0fd495bf0c5ef2c44de2791a8cc7a20813c7d36", [ref: "b0fd495bf0c5ef2c44de2791a8cc7a20813c7d36"]},
  "castore": {:hex, :castore, "0.1.18", "deb5b9ab02400561b6f5708f3e7660fc35ca2d51bfc6a940d2f513f89c2975fc", [:mix], [], "hexpm", "61bbaf6452b782ef80b33cdb45701afbcf0a918a45ebe7e73f1130d661e66a06"},
  "certifi": {:hex, :certifi, "2.8.0", "d4fb0a6bb20b7c9c3643e22507e42f356ac090a1dcea9ab99e27e0376d695eba", [:rebar3], [], "hexpm", "6ac7efc1c6f8600b08d625292d4bbf584e14847ce1b6b5c44d983d273e1097ea"},
  "cloudflare": {:hex, :cloudflare, "0.2.0", "e754fab186d5c9cd30cafdd336b8150b227e31e45ea6bd279d3c6cb20ff21ac1", [:mix], [{:castore, ">= 0.0.0", [hex: :castore, repo: "hexpm", optional: true]}, {:jason, "~> 1.0", [hex: :jason, repo: "hexpm", optional: true]}, {:mint, "~> 1.0", [hex: :mint, repo: "hexpm", optional: true]}, {:restlax, "~> 0.1", [hex: :restlax, repo: "hexpm", optional: false]}], "hexpm", "0c2fced3058d92f8732c9911e309496a2f26f6f6d0f8216b8a2c62c2f8028748"},
  "combine": {:hex, :combine, "0.10.0", "eff8224eeb56498a2af13011d142c5e7997a80c8f5b97c499f84c841032e429f", [:mix], [], "hexpm", "1b1dbc1790073076580d0d1d64e42eae2366583e7aecd455d1215b0d16f2451b"},
  "comeonin": {:hex, :comeonin, "5.1.2", "fbbbbbfcf0f0e9900c0336d16c8d462edf838ba1759577e29cc5fbd7c28a4540", [:mix], [], "hexpm", "579a509274ae870badfe863ea7fc9975e1a406dca5c84c91133a299ade92f005"},
  "conduit": {:hex, :conduit, "0.12.10", "48059dae254fa956673ac8a65fc5ecb858816e728f64c4ab5578568ee942256e", [:mix], [{:elixir_uuid, "~> 1.1", [hex: :elixir_uuid, repo: "hexpm", optional: false]}, {:jason, "~> 1.0", [hex: :jason, repo: "hexpm", optional: false]}, {:timex, "~> 3.0", [hex: :timex, repo: "hexpm", optional: false]}], "hexpm", "5a61cc4aa617cdd8fc0b676071ded3027a5f8b076ca116e867f7dfae40c6c879"},
  "conduit_amqp": {:hex, :conduit_amqp, "0.6.4", "5782fc18414de3c9e75583181a37ffc8d9207f7da168107557ecab719674ab42", [:mix], [{:amqp, "~> 1.0 and >= 1.1.1", [hex: :amqp, repo: "hexpm", optional: false]}, {:conduit, "~> 0.11", [hex: :conduit, repo: "hexpm", optional: false]}, {:connection, "~> 1.0", [hex: :connection, repo: "hexpm", optional: false]}, {:poolboy, "~> 1.5", [hex: :poolboy, repo: "hexpm", optional: false]}], "hexpm", "d33c127a86049d7e06e402f6ed6b20922374960507c546244e62acaf96e06b34"},
  "configparser_ex": {:hex, :configparser_ex, "4.0.0", "17e2b831cfa33a08c56effc610339b2986f0d82a9caa0ed18880a07658292ab6", [:mix], [], "hexpm", "02e6d1a559361a063cba7b75bc3eb2d6ad7e62730c551cc4703541fd11e65e5b"},
  "connection": {:hex, :connection, "1.1.0", "ff2a49c4b75b6fb3e674bfc5536451607270aac754ffd1bdfe175abe4a6d7a68", [:mix], [], "hexpm", "722c1eb0a418fbe91ba7bd59a47e28008a189d47e37e0e7bb85585a016b2869c"},
  "cors_plug": {:hex, :cors_plug, "2.0.0", "238ddb479f92b38f6dc1ae44b8d81f0387f9519101a6da442d543ab70ee0e482", [:mix], [{:plug, "~> 1.3 or ~> 1.4 or ~> 1.5", [hex: :plug, repo: "hexpm", optional: false]}], "hexpm", "118162367ef41448c9742ced8c8bc33ae2857d958d6b997e1db26402dd8c6f37"},
  "cowboy": {:hex, :cowboy, "2.9.0", "865dd8b6607e14cf03282e10e934023a1bd8be6f6bacf921a7e2a96d800cd452", [:make, :rebar3], [{:cowlib, "2.11.0", [hex: :cowlib, repo: "hexpm", optional: false]}, {:ranch, "1.8.0", [hex: :ranch, repo: "hexpm", optional: false]}], "hexpm", "2c729f934b4e1aa149aff882f57c6372c15399a20d54f65c8d67bef583021bde"},
  "cowboy_telemetry": {:hex, :cowboy_telemetry, "0.4.0", "f239f68b588efa7707abce16a84d0d2acf3a0f50571f8bb7f56a15865aae820c", [:rebar3], [{:cowboy, "~> 2.7", [hex: :cowboy, repo: "hexpm", optional: false]}, {:telemetry, "~> 1.0", [hex: :telemetry, repo: "hexpm", optional: false]}], "hexpm", "7d98bac1ee4565d31b62d59f8823dfd8356a169e7fcbb83831b8a5397404c9de"},
  "cowlib": {:hex, :cowlib, "2.11.0", "0b9ff9c346629256c42ebe1eeb769a83c6cb771a6ee5960bd110ab0b9b872063", [:make, :rebar3], [], "hexpm", "2b3e9da0b21c4565751a6d4901c20d1b4cc25cbb7fd50d91d2ab6dd287bc86a9"},
  "credentials_obfuscation": {:hex, :credentials_obfuscation, "3.2.0", "becf48ed7c96938600f88f486031bcbf9b9c4e3353cc314ca131c347c4c7815c", [:rebar3], [], "hexpm", "fe8ece91a1ba6c8a08eb1063cfd5b063a723c5fe29a1fad6b7cbd76cb18d2eeb"},
  "crontab": {:hex, :crontab, "1.1.9", "0cf8053611830bc5a7510ace6e846325b459d94f5325234435a4af7c654502bc", [:mix], [{:ecto, "~> 1.0 or ~> 2.0 or ~> 3.0", [hex: :ecto, repo: "hexpm", optional: true]}], "hexpm"},
  "cutkey": {:git, "https://github.com/potatosalad/cutkey.git", "47640d04fb4db4a0b79168d7fca0df87aaa42751", []},
  "dataloader": {:hex, :dataloader, "1.0.10", "a42f07641b1a0572e0b21a2a5ae1be11da486a6790f3d0d14512d96ff3e3bbe9", [:mix], [{:ecto, ">= 3.4.3 and < 4.0.0", [hex: :ecto, repo: "hexpm", optional: true]}, {:telemetry, "~> 0.4 or ~> 1.0", [hex: :telemetry, repo: "hexpm", optional: false]}], "hexpm", "54cd70cec09addf4b2ace14cc186a283a149fd4d3ec5475b155951bf33cd963f"},
  "db_connection": {:hex, :db_connection, "2.4.2", "f92e79aff2375299a16bcb069a14ee8615c3414863a6fef93156aee8e86c2ff3", [:mix], [{:connection, "~> 1.0", [hex: :connection, repo: "hexpm", optional: false]}, {:telemetry, "~> 0.4 or ~> 1.0", [hex: :telemetry, repo: "hexpm", optional: false]}], "hexpm", "4fe53ca91b99f55ea249693a0229356a08f4d1a7931d8ffa79289b145fe83668"},
  "decimal": {:hex, :decimal, "2.0.0", "a78296e617b0f5dd4c6caf57c714431347912ffb1d0842e998e9792b5642d697", [:mix], [], "hexpm", "34666e9c55dea81013e77d9d87370fe6cb6291d1ef32f46a1600230b1d44f577"},
  "decorator": {:hex, :decorator, "1.4.0", "a57ac32c823ea7e4e67f5af56412d12b33274661bb7640ec7fc882f8d23ac419", [:mix], [], "hexpm", "0a07cedd9083da875c7418dea95b78361197cf2bf3211d743f6f7ce39656597f"},
  "dictionary": {:hex, :dictionary, "0.1.1", "fb333a3ee04c514231f0a5e166dd1c27429620b0dabb12fd42e5d28b11657a0a", [:mix], [], "hexpm", "17bae452ab5ecf7bdd75315c6adb44622242de9cf700ab107865ab5557443c2b"},
  "distillery": {:hex, :distillery, "2.1.1", "f9332afc2eec8a1a2b86f22429e068ef35f84a93ea1718265e740d90dd367814", [:mix], [{:artificery, "~> 0.2", [hex: :artificery, repo: "hexpm", optional: false]}], "hexpm", "bbc7008b0161a6f130d8d903b5b3232351fccc9c31a991f8fcbf2a12ace22995"},
  "dns": {:hex, :dns, "2.4.0", "44790a0375b28bdc7b59fc894460bfcb03ffeec4c5984e2c3e8b0797b1518327", [:mix], [], "hexpm", "e178e353c469820d02ba889d6a80d01c8c27b47dfcda4016a9cbc6218e3eed64"},
  "earmark": {:hex, :earmark, "1.4.2", "3aa0bd23bc4c61cf2f1e5d752d1bb470560a6f8539974f767a38923bb20e1d7f", [:mix], [], "hexpm", "5e8806285d8a3a8999bd38e4a73c58d28534c856bc38c44818e5ba85bbda16fb"},
  "ecto": {:hex, :ecto, "3.9.1", "67173b1687afeb68ce805ee7420b4261649d5e2deed8fe5550df23bab0bc4396", [:mix], [{:decimal, "~> 1.6 or ~> 2.0", [hex: :decimal, repo: "hexpm", optional: false]}, {:jason, "~> 1.0", [hex: :jason, repo: "hexpm", optional: true]}, {:telemetry, "~> 0.4 or ~> 1.0", [hex: :telemetry, repo: "hexpm", optional: false]}], "hexpm", "c80bb3d736648df790f7f92f81b36c922d9dd3203ca65be4ff01d067f54eb304"},
  "ecto_enum": {:hex, :ecto_enum, "1.4.0", "d14b00e04b974afc69c251632d1e49594d899067ee2b376277efd8233027aec8", [:mix], [{:ecto, ">= 3.0.0", [hex: :ecto, repo: "hexpm", optional: false]}, {:ecto_sql, "> 3.0.0", [hex: :ecto_sql, repo: "hexpm", optional: false]}, {:mariaex, ">= 0.0.0", [hex: :mariaex, repo: "hexpm", optional: true]}, {:postgrex, ">= 0.0.0", [hex: :postgrex, repo: "hexpm", optional: true]}], "hexpm", "8fb55c087181c2b15eee406519dc22578fa60dd82c088be376d0010172764ee4"},
  "ecto_sql": {:hex, :ecto_sql, "3.9.0", "2bb21210a2a13317e098a420a8c1cc58b0c3421ab8e3acfa96417dab7817918c", [:mix], [{:db_connection, "~> 2.5 or ~> 2.4.1", [hex: :db_connection, repo: "hexpm", optional: false]}, {:ecto, "~> 3.9.0", [hex: :ecto, repo: "hexpm", optional: false]}, {:myxql, "~> 0.6.0", [hex: :myxql, repo: "hexpm", optional: true]}, {:postgrex, "~> 0.16.0 or ~> 1.0", [hex: :postgrex, repo: "hexpm", optional: true]}, {:tds, "~> 2.1.1 or ~> 2.2", [hex: :tds, repo: "hexpm", optional: true]}, {:telemetry, "~> 0.4.0 or ~> 1.0", [hex: :telemetry, repo: "hexpm", optional: false]}], "hexpm", "a8f3f720073b8b1ac4c978be25fa7960ed7fd44997420c304a4a2e200b596453"},
  "elixir_make": {:hex, :elixir_make, "0.6.0", "38349f3e29aff4864352084fc736fa7fa0f2995a819a737554f7ebd28b85aaab", [:mix], [], "hexpm", "d522695b93b7f0b4c0fcb2dfe73a6b905b1c301226a5a55cb42e5b14d509e050"},
  "elixir_uuid": {:hex, :elixir_uuid, "1.2.1", "dce506597acb7e6b0daeaff52ff6a9043f5919a4c3315abb4143f0b00378c097", [:mix], [], "hexpm", "f7eba2ea6c3555cea09706492716b0d87397b88946e6380898c2889d68585752"},
  "ex_aws": {:hex, :ex_aws, "2.1.8", "0282181da3278aa8105952fb25ae39a2ea96d633766cd9aca16dceb2762547a2", [:mix], [{:configparser_ex, "~> 4.0", [hex: :configparser_ex, repo: "hexpm", optional: true]}, {:hackney, "~> 1.9", [hex: :hackney, repo: "hexpm", optional: true]}, {:jason, "~> 1.1", [hex: :jason, repo: "hexpm", optional: true]}, {:jsx, "~> 2.8", [hex: :jsx, repo: "hexpm", optional: true]}, {:sweet_xml, "~> 0.6", [hex: :sweet_xml, repo: "hexpm", optional: true]}], "hexpm", "3c1ed19970cccbfe4dc6e2da68fa66375c4de5322e13199997f41659ec71b639"},
  "ex_aws_s3": {:hex, :ex_aws_s3, "2.1.0", "4db576e1036e554acdc2f03041ae16651a00307a69a377369fdc0e3d7f2e41e9", [:mix], [{:ex_aws, "~> 2.0", [hex: :ex_aws, repo: "hexpm", optional: false]}, {:sweet_xml, ">= 0.0.0", [hex: :sweet_xml, repo: "hexpm", optional: true]}], "hexpm", "7b6867d326251f3f3c1a6f5e70ef084c6ae75a933d3fc373d1e10fd4ae1e1483"},
  "ex_aws_sts": {:hex, :ex_aws_sts, "2.1.0", "43886580812a2fd9952b62c14cb55c548c6bf2fa7ed98b6496c929b7fbe46f18", [:mix], [{:ex_aws, "~> 2.0", [hex: :ex_aws, repo: "hexpm", optional: false]}], "hexpm", "3ef724b249891e94ce58ba47dabd9457f1b3b9d3ca20c92afe179b814fe35fce"},
  "ex_crypto": {:hex, :ex_crypto, "0.10.0", "af600a89b784b36613a989da6e998c1b200ff1214c3cfbaf8deca4aa2f0a1739", [:mix], [{:poison, ">= 2.0.0", [hex: :poison, repo: "hexpm", optional: false]}], "hexpm", "ccc7472cfe8a0f4565f97dce7e9280119bf15a5ea51c6535e5b65f00660cde1c"},
  "ex_doc": {:hex, :ex_doc, "0.18.4", "4406b8891cecf1352f49975c6d554e62e4341ceb41b9338949077b0d4a97b949", [:mix], [{:earmark, "~> 1.1", [hex: :earmark, repo: "hexpm", optional: false]}], "hexpm", "9dbe1ce1d711dc5362e3b3280e92989ad61413ce423bc4e9f76d5fcc51ab8d6b"},
  "ex_image_info": {:hex, :ex_image_info, "0.2.4", "610002acba43520a9b1cf1421d55812bde5b8a8aeaf1fe7b1f8823e84e762adb", [:mix], [], "hexpm", "fd1a7e02664e3b14dfd3b231d22fdd48bd3dd694c4773e6272b3a6228f1106bc"},
  "ex_machina": {:hex, :ex_machina, "2.3.0", "92a5ad0a8b10ea6314b876a99c8c9e3f25f4dde71a2a835845b136b9adaf199a", [:mix], [{:ecto, "~> 2.2 or ~> 3.0", [hex: :ecto, repo: "hexpm", optional: true]}, {:ecto_sql, "~> 3.0", [hex: :ecto_sql, repo: "hexpm", optional: true]}], "hexpm", "b84f6af156264530b312a8ab98ac6088f6b77ae5fe2058305c81434aa01fbaf9"},
  "file_system": {:hex, :file_system, "0.2.10", "fb082005a9cd1711c05b5248710f8826b02d7d1784e7c3451f9c1231d4fc162d", [:mix], [], "hexpm", "41195edbfb562a593726eda3b3e8b103a309b733ad25f3d642ba49696bf715dc"},
  "flow": {:hex, :flow, "0.15.0", "503717c0e367b5713336181d5305106840f64abbad32c75d7af5ef1bb0908e38", [:mix], [{:gen_stage, "~> 0.14.0", [hex: :gen_stage, repo: "hexpm", optional: false]}], "hexpm", "d7ecbd4dd38a188494bc996d5014ef8335f436a0b262140a1f6441ae94714581"},
  "gen_stage": {:hex, :gen_stage, "0.14.3", "d0c66f1c87faa301c1a85a809a3ee9097a4264b2edf7644bf5c123237ef732bf", [:mix], [], "hexpm", "8453e2289d94c3199396eb517d65d6715ef26bcae0ee83eb5ff7a84445458d76"},
  "gen_state_machine": {:hex, :gen_state_machine, "2.1.0", "a38b0e53fad812d29ec149f0d354da5d1bc0d7222c3711f3a0bd5aa608b42992", [:mix], [], "hexpm", "ae367038808db25cee2f2c4b8d0531522ea587c4995eb6f96ee73410a60fa06b"},
  "gettext": {:hex, :gettext, "0.20.0", "75ad71de05f2ef56991dbae224d35c68b098dd0e26918def5bb45591d5c8d429", [:mix], [], "hexpm", "1c03b177435e93a47441d7f681a7040bd2a816ece9e2666d1c9001035121eb3d"},
  "goldrush": {:hex, :goldrush, "0.1.9", "f06e5d5f1277da5c413e84d5a2924174182fb108dabb39d5ec548b27424cd106", [:rebar3], [], "hexpm", "99cb4128cffcb3227581e5d4d803d5413fa643f4eb96523f77d9e6937d994ceb"},
  "google_api_cloud_billing": {:hex, :google_api_cloud_billing, "0.23.5", "a406b2c91af46e8935f09d27506db7b1d62d78d3599f4d833c7fa4d0f10b372f", [:mix], [{:google_gax, "~> 0.4", [hex: :google_gax, repo: "hexpm", optional: false]}], "hexpm", "6bd03bf7758e003e36f7765b2fe2832769ef088e8571cbf2296792af25444871"},
  "google_api_cloud_resource_manager": {:hex, :google_api_cloud_resource_manager, "0.41.4", "9ffc235f641263491de0df452a6ef06dec4dd8cb18cdfc9e876d1b71b945f582", [:mix], [{:google_gax, "~> 0.4", [hex: :google_gax, repo: "hexpm", optional: false]}], "hexpm", "bc3e7a16decb94f2593582238962da0beb58a123c6b11e42a1dfea5754a53526"},
  "google_api_iam": {:hex, :google_api_iam, "0.40.0", "00201bd825e867f58714237f834407a9c7bdd4caedd84ea5e4939aa66afeb4fa", [:mix], [{:google_gax, "~> 0.4", [hex: :google_gax, repo: "hexpm", optional: false]}], "hexpm", "a60e581cdee8429b12ccc4f198ffe6d6d56bad382bf171da337333f0fcb1d884"},
  "google_api_service_usage": {:hex, :google_api_service_usage, "0.18.5", "e279eb8743308a0074c802cf83fcf55ca092427a98bfe2e29a2470b8f3595f85", [:mix], [{:google_gax, "~> 0.4", [hex: :google_gax, repo: "hexpm", optional: false]}], "hexpm", "f7891e1f47338f3374093fb99d0a66669084a4bf31692dfd82b90dc7aaac1c0f"},
  "google_gax": {:hex, :google_gax, "0.4.1", "310105070626013712c56f8007b6ff7b4ead02ecad1efe7888350c6eaba52783", [:mix], [{:mime, "~> 1.0", [hex: :mime, repo: "hexpm", optional: false]}, {:poison, ">= 3.0.0 and < 5.0.0", [hex: :poison, repo: "hexpm", optional: false]}, {:tesla, "~> 1.2", [hex: :tesla, repo: "hexpm", optional: false]}], "hexpm", "aef7dce7e04840c0e611f962475e3223d27d50ebd5e7d8e9e963c5e9e3b1ca79"},
  "goth": {:hex, :goth, "1.1.0", "85977656822e54217bc0472666f1ce15dc3921495ef5f4f0774ef15503bae207", [:mix], [{:httpoison, "~> 0.11 or ~> 1.0", [hex: :httpoison, repo: "hexpm", optional: false]}, {:jason, "~> 1.1", [hex: :jason, repo: "hexpm", optional: false]}, {:joken, "~> 2.0", [hex: :joken, repo: "hexpm", optional: false]}], "hexpm", "d8d9e12fe744b5c91b6369a9b8f1da6682e80c95d204df35b376dac8a7211f2d"},
  "guardian": {:hex, :guardian, "1.2.1", "bdc8dd3dbf0fb7216cb6f91c11831faa1a64d39cdaed9a611e37f2413e584983", [:mix], [{:jose, "~> 1.8", [hex: :jose, repo: "hexpm", optional: false]}, {:phoenix, "~> 1.3", [hex: :phoenix, repo: "hexpm", optional: true]}, {:plug, "~> 1.3.3 or ~> 1.4", [hex: :plug, repo: "hexpm", optional: true]}], "hexpm", "723fc404edfb7bd5cba4cd83329b352037f102aa97468f44e58ac7f47c136a98"},
  "hackney": {:hex, :hackney, "1.18.0", "c4443d960bb9fba6d01161d01cd81173089686717d9490e5d3606644c48d121f", [:rebar3], [{:certifi, "~>2.8.0", [hex: :certifi, repo: "hexpm", optional: false]}, {:idna, "~>6.1.0", [hex: :idna, repo: "hexpm", optional: false]}, {:metrics, "~>1.0.0", [hex: :metrics, repo: "hexpm", optional: false]}, {:mimerl, "~>1.1", [hex: :mimerl, repo: "hexpm", optional: false]}, {:parse_trans, "3.3.1", [hex: :parse_trans, repo: "hexpm", optional: false]}, {:ssl_verify_fun, "~>1.1.0", [hex: :ssl_verify_fun, repo: "hexpm", optional: false]}, {:unicode_util_compat, "~>0.7.0", [hex: :unicode_util_compat, repo: "hexpm", optional: false]}], "hexpm", "9afcda620704d720db8c6a3123e9848d09c87586dc1c10479c42627b905b5c5e"},
  "hammer": {:hex, :hammer, "6.1.0", "f263e3c3e9946bd410ea0336b2abe0cb6260af4afb3a221e1027540706e76c55", [:make, :mix], [{:poolboy, "~> 1.5", [hex: :poolboy, repo: "hexpm", optional: false]}], "hexpm", "b47e415a562a6d072392deabcd58090d8a41182cf9044cdd6b0d0faaaf68ba57"},
  "httpoison": {:hex, :httpoison, "1.6.1", "2ce5bf6e535cd0ab02e905ba8c276580bab80052c5c549f53ddea52d72e81f33", [:mix], [{:hackney, "~> 1.15 and >= 1.15.2", [hex: :hackney, repo: "hexpm", optional: false]}], "hexpm", "89149056039084024a284cd703b2d1900d584958dba432132cb21ef35aed7487"},
  "idna": {:hex, :idna, "6.1.1", "8a63070e9f7d0c62eb9d9fcb360a7de382448200fbbd1b106cc96d3d8099df8d", [:rebar3], [{:unicode_util_compat, "~>0.7.0", [hex: :unicode_util_compat, repo: "hexpm", optional: false]}], "hexpm", "92376eb7894412ed19ac475e4a86f7b413c1b9fbb5bd16dccd57934157944cea"},
  "inet_cidr": {:hex, :inet_cidr, "1.0.4", "a05744ab7c221ca8e395c926c3919a821eb512e8f36547c062f62c4ca0cf3d6e", [:mix], [], "hexpm", "64a2d30189704ae41ca7dbdd587f5291db5d1dda1414e0774c29ffc81088c1bc"},
  "influxql": {:hex, :influxql, "0.2.1", "71bfd5c0d81bf870f239baf3357bf5226b44fce16e1b9399ba1368203ca71245", [:mix], [], "hexpm", "75faf04960d6830ca0827869eaac1ba092655041c5e96deb2a588bafb601205c"},
  "instream": {:hex, :instream, "1.0.0", "e5e848ac0de91ead5a5f04b5fe7d72e1be9cdd8862525b6f5fed27dca58096d2", [:mix], [{:hackney, "~> 1.1", [hex: :hackney, repo: "hexpm", optional: false]}, {:influxql, "~> 0.2.0", [hex: :influxql, repo: "hexpm", optional: false]}, {:jason, "~> 1.0", [hex: :jason, repo: "hexpm", optional: false]}, {:poolboy, "~> 1.5", [hex: :poolboy, repo: "hexpm", optional: false]}], "hexpm", "17cead56c5f8cab804bd02d8be207d933078404338171c082df1b0c098a5b24b"},
  "jason": {:hex, :jason, "1.4.0", "e855647bc964a44e2f67df589ccf49105ae039d4179db7f6271dfd3843dc27e6", [:mix], [{:decimal, "~> 1.0 or ~> 2.0", [hex: :decimal, repo: "hexpm", optional: true]}], "hexpm", "79a3791085b2a0f743ca04cec0f7be26443738779d09302e01318f97bdb82121"},
  "joken": {:hex, :joken, "2.5.0", "09be497d804b8115eb6f07615cef2e60c2a1008fb89dc0aef0d4c4b4609b99aa", [:mix], [{:jose, "~> 1.11.2", [hex: :jose, repo: "hexpm", optional: false]}], "hexpm", "22b25c89617c5ed8ca7b31026340a25ea0f9ca7160f9706b79be9ed81fdf74e7"},
  "jose": {:hex, :jose, "1.11.2", "f4c018ccf4fdce22c71e44d471f15f723cb3efab5d909ab2ba202b5bf35557b3", [:mix, :rebar3], [], "hexpm", "98143fbc48d55f3a18daba82d34fe48959d44538e9697c08f34200fa5f0947d2"},
  "jsx": {:hex, :jsx, "2.11.0", "08154624050333919b4ac1b789667d5f4db166dc50e190c4d778d1587f102ee0", [:rebar3], [], "hexpm", "eed26a0d04d217f9eecefffb89714452556cf90eb38f290a27a4d45b9988f8c0"},
  "k8s_traffic_plug": {:git, "https://github.com/Financial-Times/k8s_traffic_plug.git", "568f0cbf2481233eefb1aaaab62ead0df9acbdbd", []},
  "kazan": {:git, "https://github.com/michaeljguarino/kazan.git", "c87c8884b6bbc8848860b2387dc2650ae08dfbfd", []},
  "lager": {:hex, :lager, "3.8.0", "3402b9a7e473680ca179fc2f1d827cab88dd37dd1e6113090c6f45ef05228a1c", [:rebar3], [{:goldrush, "0.1.9", [hex: :goldrush, repo: "hexpm", optional: false]}], "hexpm", "f6cb541b688eab60730d8d286eb77256a5a9ad06eac10d43beaf55d07e68bbb6"},
  "libcluster": {:hex, :libcluster, "3.3.1", "e7a4875cd1290cee7a693d6bd46076863e9e433708b01339783de6eff5b7f0aa", [:mix], [{:jason, "~> 1.1", [hex: :jason, repo: "hexpm", optional: false]}], "hexpm", "b575ca63c1cd84e01f3fa0fc45e6eb945c1ee7ae8d441d33def999075e9e5398"},
  "libring": {:hex, :libring, "1.4.0", "41246ba2f3fbc76b3971f6bce83119dfec1eee17e977a48d8a9cfaaf58c2a8d6", [:mix], [], "hexpm", "1feaf05ee886815ad047cad7ede17d6910710986148ae09cf73eee2989717b81"},
  "libvault": {:hex, :libvault, "0.2.4", "3d9a999c222a2d9b8666ef1dbd067f30c9ecead6be27367f84af7ffde7813ee1", [:mix], [{:castore, "~> 0.1", [hex: :castore, repo: "hexpm", optional: true]}, {:hackney, "~> 1.6", [hex: :hackney, repo: "hexpm", optional: true]}, {:ibrowse, "~> 4.4.0", [hex: :ibrowse, repo: "hexpm", optional: true]}, {:mint, "~> 1.0", [hex: :mint, repo: "hexpm", optional: true]}, {:tesla, "~> 1.3", [hex: :tesla, repo: "hexpm", optional: true]}], "hexpm", "f495afb2b99464b8c1dccccf59744afb361169ca1fc67ba48e71ed35a00315f0"},
  "meck": {:hex, :meck, "0.8.13", "ffedb39f99b0b99703b8601c6f17c7f76313ee12de6b646e671e3188401f7866", [:rebar3], [], "hexpm"},
  "metrics": {:hex, :metrics, "1.0.1", "25f094dea2cda98213cecc3aeff09e940299d950904393b2a29d191c346a8486", [:rebar3], [], "hexpm", "69b09adddc4f74a40716ae54d140f93beb0fb8978d8636eaded0c31b6f099f16"},
  "mime": {:hex, :mime, "1.6.0", "dabde576a497cef4bbdd60aceee8160e02a6c89250d6c0b29e56c0dfb00db3d2", [:mix], [], "hexpm", "31a1a8613f8321143dde1dafc36006a17d28d02bdfecb9e95a880fa7aabd19a7"},
  "mimerl": {:hex, :mimerl, "1.2.0", "67e2d3f571088d5cfd3e550c383094b47159f3eee8ffa08e64106cdf5e981be3", [:rebar3], [], "hexpm", "f278585650aa581986264638ebf698f8bb19df297f66ad91b18910dfc6e19323"},
  "mimic": {:hex, :mimic, "1.1.3", "3bad83d5271b4faa7bbfef587417a6605cbbc802a353395d446a1e5f46fe7115", [:mix], [], "hexpm", "0d93cb8fcd00a1013bae56050755879050bb9b8ef0c3d51b6fec5a2f1fc33d66"},
  "mint": {:hex, :mint, "1.3.0", "396b3301102f7b775e103da5a20494b25753aed818d6d6f0ad222a3a018c3600", [:mix], [{:castore, "~> 0.1.0", [hex: :castore, repo: "hexpm", optional: true]}], "hexpm", "a9aac960562e43ca69a77e5176576abfa78b8398cec5543dd4fb4ab0131d5c1e"},
  "mock": {:hex, :mock, "0.3.3", "42a433794b1291a9cf1525c6d26b38e039e0d3a360732b5e467bfc77ef26c914", [:mix], [{:meck, "~> 0.8.13", [hex: :meck, repo: "hexpm", optional: false]}], "hexpm"},
  "mojito": {:hex, :mojito, "0.3.0", "806cd3c1832333a9ee784e7ea2799863fbe4de55ecb4623a8f4ef870c2844cc6", [:mix], [{:castore, "~> 0.1", [hex: :castore, repo: "hexpm", optional: false]}, {:mint, "~> 0.2.1", [hex: :mint, repo: "hexpm", optional: false]}, {:poolboy, "~> 1.5", [hex: :poolboy, repo: "hexpm", optional: false]}], "hexpm", "bf40fa4e7d6072f8ca93d55e0a0948aef6fa887376dcde4cb3857f98e68d1e87"},
  "nebulex": {:hex, :nebulex, "2.4.2", "b3d2d86d57b15896fb8e6d6dd49b4a9dee2eedd6eddfb3b69bfdb616a09c2817", [:mix], [{:decorator, "~> 1.4", [hex: :decorator, repo: "hexpm", optional: true]}, {:shards, "~> 1.0", [hex: :shards, repo: "hexpm", optional: true]}, {:telemetry, "~> 0.4 or ~> 1.0", [hex: :telemetry, repo: "hexpm", optional: true]}], "hexpm", "c9f888e5770fd47614c95990d0a02c3515216d51dc72e3c830eaf28f5649ba52"},
  "nimble_parsec": {:hex, :nimble_parsec, "1.2.3", "244836e6e3f1200c7f30cb56733fd808744eca61fd182f731eac4af635cc6d0b", [:mix], [], "hexpm", "c8d789e39b9131acf7b99291e93dae60ab48ef14a7ee9d58c6964f59efb570b0"},
  "oauth2": {:hex, :oauth2, "2.0.0", "338382079fe16c514420fa218b0903f8ad2d4bfc0ad0c9f988867dfa246731b0", [:mix], [{:hackney, "~> 1.13", [hex: :hackney, repo: "hexpm", optional: false]}], "hexpm", "881b8364ac7385f9fddc7949379cbe3f7081da37233a1aa7aab844670a91e7e7"},
  "parallax": {:hex, :parallax, "1.0.0", "decfed51b2d41c88ea4398d3bd8fadd2ceb1f913cf0f44ef2cb41e732ace31f5", [:mix], [], "hexpm", "8a8b91685bfacb483ff9370b98844ee01107544a11ee49b5f1d98df0eff2b1e4"},
  "parse_trans": {:hex, :parse_trans, "3.3.1", "16328ab840cc09919bd10dab29e431da3af9e9e7e7e6f0089dd5a2d2820011d8", [:rebar3], [], "hexpm", "07cd9577885f56362d414e8c4c4e6bdf10d43a8767abb92d24cbe8b24c54888b"},
  "phoenix": {:hex, :phoenix, "1.6.15", "0a1d96bbc10747fd83525370d691953cdb6f3ccbac61aa01b4acb012474b047d", [:mix], [{:castore, ">= 0.0.0", [hex: :castore, repo: "hexpm", optional: false]}, {:jason, "~> 1.0", [hex: :jason, repo: "hexpm", optional: true]}, {:phoenix_pubsub, "~> 2.0", [hex: :phoenix_pubsub, repo: "hexpm", optional: false]}, {:phoenix_view, "~> 1.0 or ~> 2.0", [hex: :phoenix_view, repo: "hexpm", optional: false]}, {:plug, "~> 1.10", [hex: :plug, repo: "hexpm", optional: false]}, {:plug_cowboy, "~> 2.2", [hex: :plug_cowboy, repo: "hexpm", optional: true]}, {:plug_crypto, "~> 1.2", [hex: :plug_crypto, repo: "hexpm", optional: false]}, {:telemetry, "~> 0.4 or ~> 1.0", [hex: :telemetry, repo: "hexpm", optional: false]}], "hexpm", "d70ab9fbf6b394755ea88b644d34d79d8b146e490973151f248cacd122d20672"},
  "phoenix_ecto": {:hex, :phoenix_ecto, "4.4.0", "0672ed4e4808b3fbed494dded89958e22fb882de47a97634c0b13e7b0b5f7720", [:mix], [{:ecto, "~> 3.3", [hex: :ecto, repo: "hexpm", optional: false]}, {:phoenix_html, "~> 2.14.2 or ~> 3.0", [hex: :phoenix_html, repo: "hexpm", optional: true]}, {:plug, "~> 1.9", [hex: :plug, repo: "hexpm", optional: false]}], "hexpm", "09864e558ed31ee00bd48fcc1d4fc58ae9678c9e81649075431e69dbabb43cc1"},
  "phoenix_html": {:hex, :phoenix_html, "3.2.0", "1c1219d4b6cb22ac72f12f73dc5fad6c7563104d083f711c3fcd8551a1f4ae11", [:mix], [{:plug, "~> 1.5", [hex: :plug, repo: "hexpm", optional: true]}], "hexpm", "36ec97ba56d25c0136ef1992c37957e4246b649d620958a1f9fa86165f8bc54f"},
  "phoenix_live_dashboard": {:hex, :phoenix_live_dashboard, "0.5.3", "ff153c46aee237dd7244f07e9b98d557fe0d1de7a5916438e634c3be2d13c607", [:mix], [{:ecto, "~> 3.6.2 or ~> 3.7", [hex: :ecto, repo: "hexpm", optional: true]}, {:ecto_psql_extras, "~> 0.7", [hex: :ecto_psql_extras, repo: "hexpm", optional: true]}, {:phoenix_live_view, "~> 0.16.0", [hex: :phoenix_live_view, repo: "hexpm", optional: false]}, {:telemetry_metrics, "~> 0.6.0", [hex: :telemetry_metrics, repo: "hexpm", optional: false]}], "hexpm", "e36e62b1f61c19b645853af78290a5e7900f7cae1e676714ff69f9836e2f2e76"},
  "phoenix_live_reload": {:hex, :phoenix_live_reload, "1.3.3", "3a53772a6118d5679bf50fc1670505a290e32a1d195df9e069d8c53ab040c054", [:mix], [{:file_system, "~> 0.2.1 or ~> 0.3", [hex: :file_system, repo: "hexpm", optional: false]}, {:phoenix, "~> 1.4", [hex: :phoenix, repo: "hexpm", optional: false]}], "hexpm", "766796676e5f558dbae5d1bdb066849673e956005e3730dfd5affd7a6da4abac"},
  "phoenix_live_view": {:hex, :phoenix_live_view, "0.16.4", "5692edd0bac247a9a816eee7394e32e7a764959c7d0cf9190662fc8b0cd24c97", [:mix], [{:jason, "~> 1.0", [hex: :jason, repo: "hexpm", optional: true]}, {:phoenix, "~> 1.5.9 or ~> 1.6.0", [hex: :phoenix, repo: "hexpm", optional: false]}, {:phoenix_html, "~> 3.0", [hex: :phoenix_html, repo: "hexpm", optional: false]}, {:telemetry, "~> 0.4.2 or ~> 1.0", [hex: :telemetry, repo: "hexpm", optional: false]}], "hexpm", "754ba49aa2e8601afd4f151492c93eb72df69b0b9856bab17711b8397e43bba0"},
  "phoenix_pubsub": {:hex, :phoenix_pubsub, "2.1.1", "ba04e489ef03763bf28a17eb2eaddc2c20c6d217e2150a61e3298b0f4c2012b5", [:mix], [], "hexpm", "81367c6d1eea5878ad726be80808eb5a787a23dee699f96e72b1109c57cdd8d9"},
  "phoenix_template": {:hex, :phoenix_template, "1.0.0", "c57bc5044f25f007dc86ab21895688c098a9f846a8dda6bc40e2d0ddc146e38f", [:mix], [{:phoenix_html, "~> 2.14.2 or ~> 3.0", [hex: :phoenix_html, repo: "hexpm", optional: true]}], "hexpm", "1b066f99a26fd22064c12b2600a9a6e56700f591bf7b20b418054ea38b4d4357"},
  "phoenix_view": {:hex, :phoenix_view, "2.0.2", "6bd4d2fd595ef80d33b439ede6a19326b78f0f1d8d62b9a318e3d9c1af351098", [:mix], [{:phoenix_html, "~> 2.14.2 or ~> 3.0", [hex: :phoenix_html, repo: "hexpm", optional: true]}, {:phoenix_template, "~> 1.0", [hex: :phoenix_template, repo: "hexpm", optional: false]}], "hexpm", "a929e7230ea5c7ee0e149ffcf44ce7cf7f4b6d2bfe1752dd7c084cdff152d36f"},
  "piazza_core": {:hex, :piazza_core, "0.3.8", "857f47407b77a66544e3063c2658e8528642f72b41ce84d90b9292a211c67307", [:mix], [{:ecto_enum, "~> 1.4", [hex: :ecto_enum, repo: "hexpm", optional: false]}, {:ecto_sql, "~> 3.1", [hex: :ecto_sql, repo: "hexpm", optional: false]}, {:ex_crypto, "~> 0.10", [hex: :ex_crypto, repo: "hexpm", optional: false]}, {:gen_stage, "~> 0.14.2", [hex: :gen_stage, repo: "hexpm", optional: false]}, {:protobuf, "~> 0.5.3", [hex: :protobuf, repo: "hexpm", optional: false]}], "hexpm", "80ebdcb54cf4ed9e42093bc86dbf6a3c7cb7dfe6e64cfe61b907455523d4af5e"},
  "plug": {:hex, :plug, "1.14.0", "ba4f558468f69cbd9f6b356d25443d0b796fbdc887e03fa89001384a9cac638f", [:mix], [{:mime, "~> 1.0 or ~> 2.0", [hex: :mime, repo: "hexpm", optional: false]}, {:plug_crypto, "~> 1.1.1 or ~> 1.2", [hex: :plug_crypto, repo: "hexpm", optional: false]}, {:telemetry, "~> 0.4.3 or ~> 1.0", [hex: :telemetry, repo: "hexpm", optional: false]}], "hexpm", "bf020432c7d4feb7b3af16a0c2701455cbbbb95e5b6866132cb09eb0c29adc14"},
  "plug_cowboy": {:hex, :plug_cowboy, "2.6.0", "d1cf12ff96a1ca4f52207c5271a6c351a4733f413803488d75b70ccf44aebec2", [:mix], [{:cowboy, "~> 2.7", [hex: :cowboy, repo: "hexpm", optional: false]}, {:cowboy_telemetry, "~> 0.3", [hex: :cowboy_telemetry, repo: "hexpm", optional: false]}, {:plug, "~> 1.14", [hex: :plug, repo: "hexpm", optional: false]}], "hexpm", "073cf20b753ce6682ed72905cd62a2d4bd9bad1bf9f7feb02a1b8e525bd94fa6"},
  "plug_crypto": {:hex, :plug_crypto, "1.2.3", "8f77d13aeb32bfd9e654cb68f0af517b371fb34c56c9f2b58fe3df1235c1251a", [:mix], [], "hexpm", "b5672099c6ad5c202c45f5a403f21a3411247f164e4a8fab056e5cd8a290f4a2"},
  "poison": {:hex, :poison, "3.1.0", "d9eb636610e096f86f25d9a46f35a9facac35609a7591b3be3326e99a0484665", [:mix], [], "hexpm", "fec8660eb7733ee4117b85f55799fd3833eb769a6df71ccf8903e8dc5447cfce"},
  "poolboy": {:hex, :poolboy, "1.5.2", "392b007a1693a64540cead79830443abf5762f5d30cf50bc95cb2c1aaafa006b", [:rebar3], [], "hexpm", "dad79704ce5440f3d5a3681c8590b9dc25d1a561e8f5a9c995281012860901e3"},
  "porcelain": {:hex, :porcelain, "2.0.3", "2d77b17d1f21fed875b8c5ecba72a01533db2013bd2e5e62c6d286c029150fdc", [:mix], [], "hexpm", "dc996ab8fadbc09912c787c7ab8673065e50ea1a6245177b0c24569013d23620"},
  "postgrex": {:hex, :postgrex, "0.16.5", "fcc4035cc90e23933c5d69a9cd686e329469446ef7abba2cf70f08e2c4b69810", [:mix], [{:connection, "~> 1.1", [hex: :connection, repo: "hexpm", optional: false]}, {:db_connection, "~> 2.1", [hex: :db_connection, repo: "hexpm", optional: false]}, {:decimal, "~> 1.5 or ~> 2.0", [hex: :decimal, repo: "hexpm", optional: false]}, {:jason, "~> 1.0", [hex: :jason, repo: "hexpm", optional: true]}, {:table, "~> 0.1.0", [hex: :table, repo: "hexpm", optional: true]}], "hexpm", "edead639dc6e882618c01d8fc891214c481ab9a3788dfe38dd5e37fd1d5fb2e8"},
  "prometheus": {:hex, :prometheus, "4.6.0", "20510f381db1ccab818b4cf2fac5fa6ab5cc91bc364a154399901c001465f46f", [:mix, :rebar3], [], "hexpm", "4905fd2992f8038eccd7aa0cd22f40637ed618c0bed1f75c05aacec15b7545de"},
  "prometheus_ex": {:hex, :prometheus_ex, "3.0.5", "fa58cfd983487fc5ead331e9a3e0aa622c67232b3ec71710ced122c4c453a02f", [:mix], [{:prometheus, "~> 4.0", [hex: :prometheus, repo: "hexpm", optional: false]}], "hexpm", "9fd13404a48437e044b288b41f76e64acd9735fb8b0e3809f494811dfa66d0fb"},
  "prometheus_plugs": {:hex, :prometheus_plugs, "1.1.5", "25933d48f8af3a5941dd7b621c889749894d8a1082a6ff7c67cc99dec26377c5", [:mix], [{:accept, "~> 0.1", [hex: :accept, repo: "hexpm", optional: false]}, {:plug, "~> 1.0", [hex: :plug, repo: "hexpm", optional: false]}, {:prometheus_ex, "~> 1.1 or ~> 2.0 or ~> 3.0", [hex: :prometheus_ex, repo: "hexpm", optional: false]}, {:prometheus_process_collector, "~> 1.1", [hex: :prometheus_process_collector, repo: "hexpm", optional: true]}], "hexpm", "0273a6483ccb936d79ca19b0ab629aef0dba958697c94782bb728b920dfc6a79"},
  "protobuf": {:hex, :protobuf, "0.5.4", "2e1b8eec211aff034ad8a14e3674220b0158bfb9a3c7128ac9d2a1ed1b3724d3", [:mix], [], "hexpm", "994348a4592408bc99c132603b0fdb686a2b5df0321a8eb1a582ec2bd3495886"},
  "quantum": {:hex, :quantum, "2.3.4", "72a0e8855e2adc101459eac8454787cb74ab4169de6ca50f670e72142d4960e9", [:mix], [{:calendar, "~> 0.17", [hex: :calendar, repo: "hexpm", optional: true]}, {:crontab, "~> 1.1", [hex: :crontab, repo: "hexpm", optional: false]}, {:gen_stage, "~> 0.12", [hex: :gen_stage, repo: "hexpm", optional: false]}, {:swarm, "~> 3.3", [hex: :swarm, repo: "hexpm", optional: false]}, {:timex, "~> 3.1", [hex: :timex, repo: "hexpm", optional: true]}], "hexpm"},
  "rabbit_common": {:hex, :rabbit_common, "3.11.3", "cf1466d99ba1b0788b046f6481c567cdd02580fdf277ba86e9417b5cc5eb6f1a", [:make, :rebar3], [{:credentials_obfuscation, "3.2.0", [hex: :credentials_obfuscation, repo: "hexpm", optional: false]}, {:recon, "2.5.2", [hex: :recon, repo: "hexpm", optional: false]}, {:thoas, "0.4.0", [hex: :thoas, repo: "hexpm", optional: false]}], "hexpm", "b997df691f8a8ea12b52a3fbc5b5b6ca862879544162e63e7679a3f8d0ce22a4"},
  "ranch": {:hex, :ranch, "1.8.0", "8c7a100a139fd57f17327b6413e4167ac559fbc04ca7448e9be9057311597a1d", [:make, :rebar3], [], "hexpm", "49fbcfd3682fab1f5d109351b61257676da1a2fdbe295904176d5e521a2ddfe5"},
  "recon": {:hex, :recon, "2.5.2", "cba53fa8db83ad968c9a652e09c3ed7ddcc4da434f27c3eaa9ca47ffb2b1ff03", [:mix, :rebar3], [], "hexpm", "2c7523c8dee91dff41f6b3d63cba2bd49eb6d2fe5bf1eec0df7f87eb5e230e1c"},
  "remote_ip": {:hex, :remote_ip, "0.2.1", "cd27cd8ea54ecaaf3532776ff4c5e353b3804e710302e88c01eadeaaf42e7e24", [:mix], [{:combine, "~> 0.10", [hex: :combine, repo: "hexpm", optional: false]}, {:inet_cidr, "~> 1.0", [hex: :inet_cidr, repo: "hexpm", optional: false]}, {:plug, "~> 1.5", [hex: :plug, repo: "hexpm", optional: false]}], "hexpm", "2e7ab1a461cc3cd5719f37e116a08f45c8b8493923063631b164315d6b7ee8e0"},
  "restlax": {:hex, :restlax, "0.1.0", "753e00aff37802f703e6b709d3f85b7816e7740cc5f833c446d677a42ecf4824", [:mix], [{:finch, "~> 0.6", [hex: :finch, repo: "hexpm", optional: true]}, {:gun, "~> 1.0", [hex: :gun, repo: "hexpm", optional: true]}, {:hackney, "~> 1.0", [hex: :hackney, repo: "hexpm", optional: true]}, {:jason, "~> 1.0", [hex: :jason, repo: "hexpm", optional: true]}, {:mint, "~> 1.0", [hex: :mint, repo: "hexpm", optional: true]}, {:plug, "~> 1.0", [hex: :plug, repo: "hexpm", optional: true]}, {:tesla, "~> 1.0", [hex: :tesla, repo: "hexpm", optional: false]}], "hexpm", "f1db23c10f7ff06ecd1f7e95380d49393a11194baacf58a1714c1e40a9d61123"},
  "reverse_proxy_plug": {:hex, :reverse_proxy_plug, "1.2.1", "f950a7ba212182b36fb44d06b8c6a347951863fd22d2201452c5233ce23701b1", [:mix], [{:cowboy, "~> 2.4", [hex: :cowboy, repo: "hexpm", optional: false]}, {:httpoison, "~> 1.2", [hex: :httpoison, repo: "hexpm", optional: false]}, {:plug, "~> 1.6", [hex: :plug, repo: "hexpm", optional: false]}], "hexpm", "74d76efd874cb504678f4a884e258c4ff495bd984f5444bc91d1aab6e4424ca7"},
  "sentry": {:hex, :sentry, "8.0.6", "c8de1bf0523bc120ec37d596c55260901029ecb0994e7075b0973328779ceef7", [:mix], [{:hackney, "~> 1.8", [hex: :hackney, repo: "hexpm", optional: true]}, {:jason, "~> 1.1", [hex: :jason, repo: "hexpm", optional: true]}, {:plug, "~> 1.6", [hex: :plug, repo: "hexpm", optional: true]}, {:plug_cowboy, "~> 2.3", [hex: :plug_cowboy, repo: "hexpm", optional: true]}], "hexpm", "051a2d0472162f3137787c7c9d6e6e4ef239de9329c8c45b1f1bf1e9379e1883"},
  "shards": {:hex, :shards, "1.0.1", "1bdbbf047db27f3c3eb800a829d4a47062c84d5543cbfebcfc4c14d038bf9220", [:make, :rebar3], [], "hexpm", "2c57788afbf053c4024366772892beee89b8b72e884e764fb0a075dfa7442041"},
  "ssl_verify_fun": {:hex, :ssl_verify_fun, "1.1.6", "cf344f5692c82d2cd7554f5ec8fd961548d4fd09e7d22f5b62482e5aeaebd4b0", [:make, :mix, :rebar3], [], "hexpm", "bdb0d2471f453c88ff3908e7686f86f9be327d065cc1ec16fa4540197ea04680"},
  "stripity_stripe": {:hex, :stripity_stripe, "2.7.1", "1d6e89d1e95f933aa5f98d767623bf9f74b640f0bb566cc00700b7453229b66f", [:mix], [{:hackney, "~> 1.15", [hex: :hackney, repo: "hexpm", optional: false]}, {:jason, "~> 1.1", [hex: :jason, repo: "hexpm", optional: false]}, {:uri_query, "~> 0.1.2", [hex: :uri_query, repo: "hexpm", optional: false]}], "hexpm", "d0d1cb2dae72e0f1b5aaa710d85a7bd7931ed401abd829eb93b80afaf2534c59"},
  "swarm": {:hex, :swarm, "3.4.0", "64f8b30055d74640d2186c66354b33b999438692a91be275bb89cdc7e401f448", [:mix], [{:gen_state_machine, "~> 2.0", [hex: :gen_state_machine, repo: "hexpm", optional: false]}, {:libring, "~> 1.0", [hex: :libring, repo: "hexpm", optional: false]}], "hexpm", "94884f84783fc1ba027aba8fe8a7dae4aad78c98e9f9c76667ec3471585c08c6"},
  "sweet_xml": {:hex, :sweet_xml, "0.6.6", "fc3e91ec5dd7c787b6195757fbcf0abc670cee1e4172687b45183032221b66b8", [:mix], [], "hexpm", "2e1ec458f892ffa81f9f8386e3f35a1af6db7a7a37748a64478f13163a1f3573"},
  "telemetry": {:hex, :telemetry, "1.1.0", "a589817034a27eab11144ad24d5c0f9fab1f58173274b1e9bae7074af9cbee51", [], [], "hexpm", "b727b2a1f75614774cff2d7565b64d0dfa5bd52ba517f16543e6fc7efcc0df48"},
  "telemetry_metrics": {:hex, :telemetry_metrics, "0.6.1", "315d9163a1d4660aedc3fee73f33f1d355dcc76c5c3ab3d59e76e3edf80eef1f", [:mix], [{:telemetry, "~> 0.4 or ~> 1.0", [hex: :telemetry, repo: "hexpm", optional: false]}], "hexpm", "7be9e0871c41732c233be71e4be11b96e56177bf15dde64a8ac9ce72ac9834c6"},
  "telemetry_poller": {:hex, :telemetry_poller, "1.0.0", "db91bb424e07f2bb6e73926fcafbfcbcb295f0193e0a00e825e589a0a47e8453", [:rebar3], [{:telemetry, "~> 1.0", [hex: :telemetry, repo: "hexpm", optional: false]}], "hexpm", "b3a24eafd66c3f42da30fc3ca7dda1e9d546c12250a2d60d7b81d264fbec4f6e"},
  "tesla": {:hex, :tesla, "1.4.3", "f5a494e08fb1abe4fd9c28abb17f3d9b62b8f6fc492860baa91efb1aab61c8a0", [:mix], [{:castore, "~> 0.1", [hex: :castore, repo: "hexpm", optional: true]}, {:exjsx, ">= 3.0.0", [hex: :exjsx, repo: "hexpm", optional: true]}, {:finch, "~> 0.3", [hex: :finch, repo: "hexpm", optional: true]}, {:fuse, "~> 2.4", [hex: :fuse, repo: "hexpm", optional: true]}, {:gun, "~> 1.3", [hex: :gun, repo: "hexpm", optional: true]}, {:hackney, "~> 1.6", [hex: :hackney, repo: "hexpm", optional: true]}, {:ibrowse, "4.4.0", [hex: :ibrowse, repo: "hexpm", optional: true]}, {:jason, ">= 1.0.0", [hex: :jason, repo: "hexpm", optional: true]}, {:mime, "~> 1.0", [hex: :mime, repo: "hexpm", optional: false]}, {:mint, "~> 1.0", [hex: :mint, repo: "hexpm", optional: true]}, {:poison, ">= 1.0.0", [hex: :poison, repo: "hexpm", optional: true]}, {:telemetry, "~> 0.4 or ~> 1.0", [hex: :telemetry, repo: "hexpm", optional: true]}], "hexpm", "e0755bb664bf4d664af72931f320c97adbf89da4586670f4864bf259b5750386"},
  "thoas": {:hex, :thoas, "0.4.0", "86a72ccdc5ec388a13f9f843bcd6c1076640233b95440e47ffb8e3c0dbdb5a17", [:rebar3], [], "hexpm", "442296847aca11db8d25180693d7ca3073d6d7179f66952f07b16415306513b6"},
  "timex": {:hex, :timex, "3.6.1", "efdf56d0e67a6b956cc57774353b0329c8ab7726766a11547e529357ffdc1d56", [:mix], [{:combine, "~> 0.10", [hex: :combine, repo: "hexpm", optional: false]}, {:gettext, "~> 0.10", [hex: :gettext, repo: "hexpm", optional: false]}, {:tzdata, "~> 0.1.8 or ~> 0.5 or ~> 1.0.0", [hex: :tzdata, repo: "hexpm", optional: false]}], "hexpm", "f354efb2400dd7a80fd9eb6c8419068c4f632da4ac47f3d8822d6e33f08bc852"},
  "tzdata": {:hex, :tzdata, "1.1.1", "20c8043476dfda8504952d00adac41c6eda23912278add38edc140ae0c5bcc46", [:mix], [{:hackney, "~> 1.17", [hex: :hackney, repo: "hexpm", optional: false]}], "hexpm", "a69cec8352eafcd2e198dea28a34113b60fdc6cb57eb5ad65c10292a6ba89787"},
  "unicode_util_compat": {:hex, :unicode_util_compat, "0.7.0", "bc84380c9ab48177092f43ac89e4dfa2c6d62b40b8bd132b1059ecc7232f9a78", [:rebar3], [], "hexpm", "25eee6d67df61960cf6a794239566599b09e17e668d3700247bc498638152521"},
  "uri_query": {:hex, :uri_query, "0.1.2", "ae35b83b472f3568c2c159eee3f3ccf585375d8a94fb5382db1ea3589e75c3b4", [:mix], [], "hexpm", "e3bc81816c98502c36498b9b2f239b89c71ce5eadfff7ceb2d6c0a2e6ae2ea0c"},
  "websockex": {:hex, :websockex, "0.4.3", "92b7905769c79c6480c02daacaca2ddd49de936d912976a4d3c923723b647bf0", [:mix], [], "hexpm", "95f2e7072b85a3a4cc385602d42115b73ce0b74a9121d0d6dbbf557645ac53e4"},
  "workos": {:hex, :workos, "0.1.2", "d4b80b94091b8568cff4aef4ecbcd34b43b4b3b148fe35c21ced88b01fb14297", [:mix], [{:hackney, "~> 1.16.0", [hex: :hackney, repo: "hexpm", optional: false]}, {:jason, ">= 1.0.0", [hex: :jason, repo: "hexpm", optional: false]}, {:tesla, "~> 1.4", [hex: :tesla, repo: "hexpm", optional: false]}], "hexpm", "1c119e20729c71dcf86f7559c4ae1af13105bdaaddbba3e1dae8149b378f66a9"},
  "x509": {:hex, :x509, "0.8.5", "22b2c5dfc87b05d46595d3764f41a23fcb7360f891e0464f1a2ec118177cd4e4", [:mix], [], "hexpm", "c63eb89e8bbe8a5e21b6404ad1082faff670e38b74960297f90d023177949e07"},
  "yamerl": {:hex, :yamerl, "0.7.0", "e51dba652dce74c20a88294130b48051ebbbb0be7d76f22de064f0f3ccf0aaf5", [:rebar3], [], "hexpm", "cb5a4481e2e2ad36db83bd9962153e1a9208e2b2484185e33fc2caac6a50b108"},
  "yaml_elixir": {:hex, :yaml_elixir, "2.4.0", "2f444abc3c994c902851fde56b6a9cb82895c291c05a0490a289035c2e62ae71", [:mix], [{:yamerl, "~> 0.7", [hex: :yamerl, repo: "hexpm", optional: false]}], "hexpm", "4e25a6d5c873e393689c6f1062c5ec90f6cd1be2527b073178ae37eae4c78bee"},
}
