# THIS IS AN AUTOGENERATED FILE. DO NOT EDIT THIS FILE DIRECTLY.
# yarn lockfile v1


"@babel/helper-plugin-utils@^7.14.5", "@babel/helper-plugin-utils@^7.8.0":
  version "7.14.5"
  resolved "https://registry.yarnpkg.com/@babel/helper-plugin-utils/-/helper-plugin-utils-7.14.5.tgz#5ac822ce97eec46741ab70a517971e443a70c5a9"
  integrity sha512-/37qQCE3K0vvZKwoK4XU/irIJQdIfCJuhU5eKnNxpFDsOkgFaUAwbv+RYw6eYgsC0E4hS7r5KqGULUogqui0fQ==

"@babel/helper-skip-transparent-expression-wrappers@^7.16.0":
  version "7.16.0"
  resolved "https://registry.yarnpkg.com/@babel/helper-skip-transparent-expression-wrappers/-/helper-skip-transparent-expression-wrappers-7.16.0.tgz#0ee3388070147c3ae051e487eca3ebb0e2e8bb09"
  integrity sha512-+il1gTy0oHwUsBQZyJvukbB4vPMdcYBrFHa0Uc4AizLxbq6BOYC51Rv4tWocX9BLBDLZ4kc6qUFpQ6HRgL+3zw==
  dependencies:
    "@babel/types" "^7.16.0"

"@babel/helper-validator-identifier@^7.15.7":
  version "7.15.7"
  resolved "https://registry.yarnpkg.com/@babel/helper-validator-identifier/-/helper-validator-identifier-7.15.7.tgz#220df993bfe904a4a6b02ab4f3385a5ebf6e2389"
  integrity sha512-K4JvCtQqad9OY2+yTU8w+E82ywk/fe+ELNlt1G8z3bVGlZfn/hOcQQsUhGhW/N+tb3fxK800wLtKOE/aM0m72w==

"@babel/plugin-proposal-optional-chaining@^7.16.0":
  version "7.16.0"
  resolved "https://registry.yarnpkg.com/@babel/plugin-proposal-optional-chaining/-/plugin-proposal-optional-chaining-7.16.0.tgz#56dbc3970825683608e9efb55ea82c2a2d6c8dc0"
  integrity sha512-Y4rFpkZODfHrVo70Uaj6cC1JJOt3Pp0MdWSwIKtb8z1/lsjl9AmnB7ErRFV+QNGIfcY1Eruc2UMx5KaRnXjMyg==
  dependencies:
    "@babel/helper-plugin-utils" "^7.14.5"
    "@babel/helper-skip-transparent-expression-wrappers" "^7.16.0"
    "@babel/plugin-syntax-optional-chaining" "^7.8.3"

"@babel/plugin-syntax-optional-chaining@^7.8.3":
  version "7.8.3"
  resolved "https://registry.yarnpkg.com/@babel/plugin-syntax-optional-chaining/-/plugin-syntax-optional-chaining-7.8.3.tgz#4f69c2ab95167e0180cd5336613f8c5788f7d48a"
  integrity sha512-KoK9ErH1MBlCPxV0VANkXW2/dw4vlbGDrFgz8bmUsBGYkFRcbRwMh6cIJubdPrkxRwuGdtCk0v/wPTKbQgBjkg==
  dependencies:
    "@babel/helper-plugin-utils" "^7.8.0"

"@babel/types@^7.16.0":
  version "7.16.0"
  resolved "https://registry.yarnpkg.com/@babel/types/-/types-7.16.0.tgz#db3b313804f96aadd0b776c4823e127ad67289ba"
  integrity sha512-PJgg/k3SdLsGb3hhisFvtLOw5ts113klrpLuIPtCJIU+BB24fqq6lf8RWqKJEjzqXR9AEH1rIb5XTqwBHB+kQg==
  dependencies:
    "@babel/helper-validator-identifier" "^7.15.7"
    to-fast-properties "^2.0.0"

to-fast-properties@^2.0.0:
  version "2.0.0"
  resolved "https://registry.yarnpkg.com/to-fast-properties/-/to-fast-properties-2.0.0.tgz#dc5e698cbd079265bc73e0377681a4e4e83f616e"
  integrity sha1-3F5pjL0HkmW8c+A3doGk5Og/YW4=
