# THIS IS AN AUTOGENERATED FILE. DO NOT EDIT THIS FILE DIRECTLY.
# yarn lockfile v1


"@react-spring/animated@~9.6.1":
  version "9.6.1"
  resolved "https://registry.yarnpkg.com/@react-spring/animated/-/animated-9.6.1.tgz#ccc626d847cbe346f5f8815d0928183c647eb425"
  integrity sha512-ls/rJBrAqiAYozjLo5EPPLLOb1LM0lNVQcXODTC1SMtS6DbuBCPaKco5svFUQFMP2dso3O+qcC4k9FsKc0KxMQ==
  dependencies:
    "@react-spring/shared" "~9.6.1"
    "@react-spring/types" "~9.6.1"

"@react-spring/core@~9.6.1":
  version "9.6.1"
  resolved "https://registry.yarnpkg.com/@react-spring/core/-/core-9.6.1.tgz#ebe07c20682b360b06af116ea24e2b609e778c10"
  integrity sha512-3HAAinAyCPessyQNNXe5W0OHzRfa8Yo5P748paPcmMowZ/4sMfaZ2ZB6e5x5khQI8NusOHj8nquoutd6FRY5WQ==
  dependencies:
    "@react-spring/animated" "~9.6.1"
    "@react-spring/rafz" "~9.6.1"
    "@react-spring/shared" "~9.6.1"
    "@react-spring/types" "~9.6.1"

"@react-spring/rafz@~9.6.1":
  version "9.6.1"
  resolved "https://registry.yarnpkg.com/@react-spring/rafz/-/rafz-9.6.1.tgz#d71aafb92b78b24e4ff84639f52745afc285c38d"
  integrity sha512-v6qbgNRpztJFFfSE3e2W1Uz+g8KnIBs6SmzCzcVVF61GdGfGOuBrbjIcp+nUz301awVmREKi4eMQb2Ab2gGgyQ==

"@react-spring/shared@~9.6.1":
  version "9.6.1"
  resolved "https://registry.yarnpkg.com/@react-spring/shared/-/shared-9.6.1.tgz#4e2e4296910656c02bd9fd54c559702bc836ac4e"
  integrity sha512-PBFBXabxFEuF8enNLkVqMC9h5uLRBo6GQhRMQT/nRTnemVENimgRd+0ZT4yFnAQ0AxWNiJfX3qux+bW2LbG6Bw==
  dependencies:
    "@react-spring/rafz" "~9.6.1"
    "@react-spring/types" "~9.6.1"

"@react-spring/types@~9.6.1":
  version "9.6.1"
  resolved "https://registry.yarnpkg.com/@react-spring/types/-/types-9.6.1.tgz#913d3a68c5cbc1124fdb18eff919432f7b6abdde"
  integrity sha512-POu8Mk0hIU3lRXB3bGIGe4VHIwwDsQyoD1F394OK7STTiX9w4dG3cTLljjYswkQN+hDSHRrj4O36kuVa7KPU8Q==

"@react-spring/web@9.6.1":
  version "9.6.1"
  resolved "https://registry.yarnpkg.com/@react-spring/web/-/web-9.6.1.tgz#3e4c03b724d2b545dc2fa2649eb6109318ab9178"
  integrity sha512-X2zR6q2Z+FjsWfGAmAXlQaoUHbPmfuCaXpuM6TcwXPpLE1ZD4A1eys/wpXboFQmDkjnrlTmKvpVna1MjWpZ5Hw==
  dependencies:
    "@react-spring/animated" "~9.6.1"
    "@react-spring/core" "~9.6.1"
    "@react-spring/shared" "~9.6.1"
    "@react-spring/types" "~9.6.1"
