artifact: {}
terraform:
  ../terraform/bootstrap: h1:bTO17sZqkVJm5opkSjJhCZqQt4cVG8olc+OIsjTlcP8=
helm:
  ../charts/bootstrap: h1:MlxV3JI6ilB4uoLnSTHZdyY5M918IcBGgClYWE2UfCg=
  ../charts/watchman: h1:cvX5nVHicwvNmo8IQ96Flgf2ypWr197piZlNhKIJZEw=
recipe: {}
integration: {}
shell: {}
database:
  ops/database-watchman.yaml: 30095b5994b93512cd478eeba19274e98ff69a0357d15f5f18e1e0584658b0b5
