dependencies:
- name: postgresql
  repository: https://charts.bitnami.com/bitnami
  version: 10.3.2
- name: rabbitmq
  repository: https://charts.bitnami.com/bitnami
  version: 7.6.6
- name: influxdb
  repository: https://helm.influxdata.com
  version: 4.9.14
digest: sha256:d6bf9ede0893ccc5100db043231695ec1a3a949c80955ae147f11084652e05d0
generated: "2021-03-21T20:22:37.160468-04:00"
