dependencies:
- name: hydra
  repository: https://k8s.ory.sh/helm/charts
  version: 0.16.0
- name: test-base
  repository: https://pluralsh.github.io/module-library
  version: 0.1.0
digest: sha256:18cfc4ef325bf0c75f53dcbfc6550c5cdda74c7ab0137d9ab38af6bef751bca1
generated: "2022-04-07T17:21:26.953251-04:00"
