dependencies:
- name: hydra
  repository: https://k8s.ory.sh/helm/charts
  version: 0.16.0
- name: test-base
  repository: https://pluralsh.github.io/module-library
  version: 0.1.5
digest: sha256:35fc7199b0b29df0f7f2323e1871ed910b8535ddf7e3a676166e9efe49e12efc
generated: "2022-11-08T15:46:00.709616309Z"
