dependencies:
- name: external-dns
  repository: https://charts.bitnami.com/bitnami
  version: 3.4.0
- name: grafana
  repository: https://grafana.github.io/helm-charts
  version: 6.1.9
- name: prometheus
  repository: https://prometheus-community.github.io/helm-charts
  version: 12.0.0
- name: loki-stack
  repository: https://grafana.github.io/loki/charts
  version: 0.40.1
- name: ingress-nginx
  repository: https://kubernetes.github.io/ingress-nginx
  version: 3.3.0
- name: cert-manager
  repository: https://charts.jetstack.io
  version: v1.0.1
- name: cluster-autoscaler
  repository: https://kubernetes.github.io/autoscaler
  version: 9.1.0
- name: kubed
  repository: https://charts.appscode.com/stable
  version: v0.13.0-beta.0
digest: sha256:980aa035c99ad65b61b3e290e82a68cfdd990589007e734a52fe22374b7173ad
generated: "2020-11-26T20:47:33.081632-05:00"
