dependencies:
- name: external-dns
  repository: https://charts.bitnami.com/bitnami
  version: 3.4.0
- name: grafana
  repository: https://grafana.github.io/helm-charts
  version: 6.1.9
- name: prometheus
  repository: https://prometheus-community.github.io/helm-charts
  version: 12.0.0
- name: loki-stack
  repository: https://grafana.github.io/loki/charts
  version: 0.40.1
- name: ingress-nginx
  repository: https://kubernetes.github.io/ingress-nginx
  version: 3.3.0
- name: cert-manager
  repository: https://charts.jetstack.io
  version: v1.0.1
- name: cluster-autoscaler
  repository: https://kubernetes.github.io/autoscaler
  version: 9.1.0
digest: sha256:bd0c0c13d498f06694f6425b9be3451e1b26ae3edf1303623988b72a69207c89
generated: "2020-11-25T20:21:21.954616-05:00"
