dependencies:
- name: external-dns
  repository: https://charts.bitnami.com/bitnami
  version: 3.4.0
- name: grafana
  repository: https://kubernetes-charts.storage.googleapis.com/
  version: 5.5.7
- name: prometheus
  repository: https://kubernetes-charts.storage.googleapis.com/
  version: 11.12.1
- name: loki-stack
  repository: https://grafana.github.io/loki/charts
  version: 0.40.1
- name: ingress-nginx
  repository: https://kubernetes.github.io/ingress-nginx
  version: 3.3.0
- name: cert-manager
  repository: https://charts.jetstack.io
  version: v1.0.1
digest: sha256:0a22a30cbe15e7153d10aa1e3673a10254031d9868f4b62e290ad20fca8fa1d7
generated: "2020-09-22T14:28:58.330947-04:00"
