dependencies:
- name: external-dns
  repository: https://kubernetes-charts.storage.googleapis.com/
  version: 2.6.4
- name: grafana
  repository: https://kubernetes-charts.storage.googleapis.com/
  version: 5.0.3
- name: prometheus
  repository: https://kubernetes-charts.storage.googleapis.com/
  version: 10.5.2
- name: loki-stack
  repository: https://grafana.github.io/loki/charts
  version: 0.32.1
- name: contour
  repository: https://kubernetes-charts.storage.googleapis.com/
  version: 0.2.0
- name: cert-manager
  repository: https://charts.jetstack.io
  version: v0.16.1
digest: sha256:a3cf0f37109a0c403144e2e8c2e8672856f91cb63a2be14658de874b97fc9177
generated: "2020-08-23T13:19:17.876442-04:00"
