dependencies:
- name: external-dns
  repository: https://charts.bitnami.com/bitnami
  version: 3.4.0
- name: grafana
  repository: https://kubernetes-charts.storage.googleapis.com/
  version: 5.5.7
- name: prometheus
  repository: https://kubernetes-charts.storage.googleapis.com/
  version: 11.12.1
- name: loki-stack
  repository: https://grafana.github.io/loki/charts
  version: 0.40.1
- name: traefik
  repository: https://helm.traefik.io/traefik
  version: 9.2.1
- name: cert-manager
  repository: https://charts.jetstack.io
  version: v1.0.1
digest: sha256:935a1ed404137b49c3c809e98642e75c7f873eee9ad27928ae5753b983182bbd
generated: "2020-09-21T21:35:24.09535-04:00"
