dependencies:
- name: external-dns
  repository: https://kubernetes-charts.storage.googleapis.com/
  version: 2.6.4
- name: grafana
  repository: https://kubernetes-charts.storage.googleapis.com/
  version: 5.0.3
- name: prometheus
  repository: https://kubernetes-charts.storage.googleapis.com/
  version: 10.5.2
digest: sha256:5da13b7786dcc5bf6ae83c50ef7772259d137446b2a06fdd12cd3aa9a9c06289
generated: "2020-02-26T23:15:02.534687-05:00"
