artifact: {}
terraform:
  terraform/aws: h1:XmviErHdujaOBxUAmDKJF0OepR8g9zYFPTO0N+GTXSQ=
  terraform/gcp: h1:ropodvdgaQhtWl7yoa3e7T94uGr7CK/eKDeVFjo5oHE=
helm:
  helm/plural: h1:JtBBmfj0KYf2JRwCp+Al0BSY/6CTqZ5bNrmdY/zp1KA=
recipe:
  plural/recipes/aws.yaml: 7490dbe0204e8d5400323fc3273159a7c90ed26fc9f8769bff769f8e23c2ff78
  plural/recipes/gcp.yaml: da396fc87638adff233623a53c36b2189ca8f40f07959d5e89d6001ef3de74ac
integration: {}
crd: {}
ird: {}
tag:
  plural/tags/helm/plural.yml: 8c27ce6e7d412e6c6efbbadc1459ab886ee2bc630db3d09d792fcbc17fb5bacb
  plural/tags/terraform/aws.yml: b46befb9716e1f9ef21cec5ba614f4b1f039438af71c8e039140fdd64a67bb3d
  plural/tags/terraform/gcp.yml: 31e6b424e84363f7d98ed36e28d1cc195e250ef7155f9ada0890aed8d4995516
attrs:
  repository.yaml_Plural: AwTe5XAD0vmMq_bruwpR6_wurzwGW59gesPehA5KQnc=
